
Microsoft Visual Studio Solution File, Format Version 12.00
# Visual Studio Version 17
VisualStudioVersion = 17.0.31903.59
MinimumVisualStudioVersion = 10.0.40219.1
Project("{2150E333-8FDC-42A3-9474-1A3956D46DE8}") = "src", "src", "{827E0CD3-B72D-47B6-A68D-7590B98EB39B}"
EndProject
Project("{2150E333-8FDC-42A3-9474-1A3956D46DE8}") = "Host", "Host", "{981C2CF6-E5BB-602A-511C-234B538302B0}"
EndProject
Project("{FAE04EC0-301F-11D3-BF4B-00C04F79EFBC}") = "BillingPlatform.Api", "src\Host\BillingPlatform.Api\BillingPlatform.Api.csproj", "{E3DB7B92-A52B-47E0-B8E7-160497206F96}"
EndProject
Project("{2150E333-8FDC-42A3-9474-1A3956D46DE8}") = "Modules", "Modules", "{EC447DCF-ABFA-6E24-52A5-D7FD48A5C558}"
EndProject
Project("{2150E333-8FDC-42A3-9474-1A3956D46DE8}") = "Identity", "Identity", "{0EC62A1A-9858-3A60-8A0C-FC9AACFA2EC7}"
EndProject
Project("{FAE04EC0-301F-11D3-BF4B-00C04F79EFBC}") = "BillingPlatform.Identity.Api", "src\Modules\Identity\BillingPlatform.Identity.Api\BillingPlatform.Identity.Api.csproj", "{24CB13D0-46E3-4F47-BA48-F8CEAFCE62FF}"
EndProject
Project("{FAE04EC0-301F-11D3-BF4B-00C04F79EFBC}") = "BillingPlatform.Identity.Application", "src\Modules\Identity\BillingPlatform.Identity.Application\BillingPlatform.Identity.Application.csproj", "{952500A9-6392-498E-BDD8-B6B1DA21FF73}"
EndProject
Project("{FAE04EC0-301F-11D3-BF4B-00C04F79EFBC}") = "BillingPlatform.Identity.Domain", "src\Modules\Identity\BillingPlatform.Identity.Domain\BillingPlatform.Identity.Domain.csproj", "{9A306B4E-FC6B-4B5C-A418-D9D0D656B48D}"
EndProject
Project("{FAE04EC0-301F-11D3-BF4B-00C04F79EFBC}") = "BillingPlatform.Identity.Infrastructure", "src\Modules\Identity\BillingPlatform.Identity.Infrastructure\BillingPlatform.Identity.Infrastructure.csproj", "{4B69DC1D-CBF7-4F95-91A3-904E1E1D65E1}"
EndProject
Project("{2150E333-8FDC-42A3-9474-1A3956D46DE8}") = "Organizations", "Organizations", "{4916611A-F746-2FDD-0D37-783F1C8BAF79}"
EndProject
Project("{FAE04EC0-301F-11D3-BF4B-00C04F79EFBC}") = "BillingPlatform.Organizations.Api", "src\Modules\Organizations\BillingPlatform.Organizations.Api\BillingPlatform.Organizations.Api.csproj", "{3634E060-218D-4D26-B9B8-D3A80F4961BC}"
EndProject
Project("{FAE04EC0-301F-11D3-BF4B-00C04F79EFBC}") = "BillingPlatform.Organizations.Application", "src\Modules\Organizations\BillingPlatform.Organizations.Application\BillingPlatform.Organizations.Application.csproj", "{86AF32BD-7E91-44C8-A81D-8847B70D3FC8}"
EndProject
Project("{FAE04EC0-301F-11D3-BF4B-00C04F79EFBC}") = "BillingPlatform.Organizations.Domain", "src\Modules\Organizations\BillingPlatform.Organizations.Domain\BillingPlatform.Organizations.Domain.csproj", "{B2EF9E67-8575-49C9-A530-2FA86242E9FA}"
EndProject
Project("{FAE04EC0-301F-11D3-BF4B-00C04F79EFBC}") = "BillingPlatform.Organizations.Infrastructure", "src\Modules\Organizations\BillingPlatform.Organizations.Infrastructure\BillingPlatform.Organizations.Infrastructure.csproj", "{3435B553-7CD1-476D-8D8D-BF40777AB38B}"
EndProject
Project("{2150E333-8FDC-42A3-9474-1A3956D46DE8}") = "SimulationClock", "SimulationClock", "{123030FC-31FE-1CF9-8B12-8947E813559B}"
EndProject
Project("{FAE04EC0-301F-11D3-BF4B-00C04F79EFBC}") = "BillingPlatform.SimulationClock.Application", "src\Modules\SimulationClock\BillingPlatform.SimulationClock.Application\BillingPlatform.SimulationClock.Application.csproj", "{A51D6219-F726-48A7-BC3A-EC5BD2B401B4}"
EndProject
Project("{FAE04EC0-301F-11D3-BF4B-00C04F79EFBC}") = "BillingPlatform.SimulationClock.Infrastructure", "src\Modules\SimulationClock\BillingPlatform.SimulationClock.Infrastructure\BillingPlatform.SimulationClock.Infrastructure.csproj", "{7C869E00-C6EC-4B7E-913A-BE1FE29A225F}"
EndProject
Project("{2150E333-8FDC-42A3-9474-1A3956D46DE8}") = "tests", "tests", "{0AB3BF05-4346-4AA6-1389-037BE0695223}"
EndProject
Project("{FAE04EC0-301F-11D3-BF4B-00C04F79EFBC}") = "BillingPlatform.ArchitectureTests", "tests\BillingPlatform.ArchitectureTests\BillingPlatform.ArchitectureTests.csproj", "{D2D4E909-E605-4ECA-B1B8-5C49C4BF14AD}"
EndProject
Project("{FAE04EC0-301F-11D3-BF4B-00C04F79EFBC}") = "BillingPlatform.UnitTests", "tests\BillingPlatform.UnitTests\BillingPlatform.UnitTests.csproj", "{F0B347D7-188E-4D02-A3D3-78109D4FA584}"
EndProject
Global
	GlobalSection(SolutionConfigurationPlatforms) = preSolution
		Debug|Any CPU = Debug|Any CPU
		Debug|x64 = Debug|x64
		Debug|x86 = Debug|x86
		Release|Any CPU = Release|Any CPU
		Release|x64 = Release|x64
		Release|x86 = Release|x86
	EndGlobalSection
	GlobalSection(ProjectConfigurationPlatforms) = postSolution
		{E3DB7B92-A52B-47E0-B8E7-160497206F96}.Debug|Any CPU.ActiveCfg = Debug|Any CPU
		{E3DB7B92-A52B-47E0-B8E7-160497206F96}.Debug|Any CPU.Build.0 = Debug|Any CPU
		{E3DB7B92-A52B-47E0-B8E7-160497206F96}.Debug|x64.ActiveCfg = Debug|Any CPU
		{E3DB7B92-A52B-47E0-B8E7-160497206F96}.Debug|x64.Build.0 = Debug|Any CPU
		{E3DB7B92-A52B-47E0-B8E7-160497206F96}.Debug|x86.ActiveCfg = Debug|Any CPU
		{E3DB7B92-A52B-47E0-B8E7-160497206F96}.Debug|x86.Build.0 = Debug|Any CPU
		{E3DB7B92-A52B-47E0-B8E7-160497206F96}.Release|Any CPU.ActiveCfg = Release|Any CPU
		{E3DB7B92-A52B-47E0-B8E7-160497206F96}.Release|Any CPU.Build.0 = Release|Any CPU
		{E3DB7B92-A52B-47E0-B8E7-160497206F96}.Release|x64.ActiveCfg = Release|Any CPU
		{E3DB7B92-A52B-47E0-B8E7-160497206F96}.Release|x64.Build.0 = Release|Any CPU
		{E3DB7B92-A52B-47E0-B8E7-160497206F96}.Release|x86.ActiveCfg = Release|Any CPU
		{E3DB7B92-A52B-47E0-B8E7-160497206F96}.Release|x86.Build.0 = Release|Any CPU
		{24CB13D0-46E3-4F47-BA48-F8CEAFCE62FF}.Debug|Any CPU.ActiveCfg = Debug|Any CPU
		{24CB13D0-46E3-4F47-BA48-F8CEAFCE62FF}.Debug|Any CPU.Build.0 = Debug|Any CPU
		{24CB13D0-46E3-4F47-BA48-F8CEAFCE62FF}.Debug|x64.ActiveCfg = Debug|Any CPU
		{24CB13D0-46E3-4F47-BA48-F8CEAFCE62FF}.Debug|x64.Build.0 = Debug|Any CPU
		{24CB13D0-46E3-4F47-BA48-F8CEAFCE62FF}.Debug|x86.ActiveCfg = Debug|Any CPU
		{24CB13D0-46E3-4F47-BA48-F8CEAFCE62FF}.Debug|x86.Build.0 = Debug|Any CPU
		{24CB13D0-46E3-4F47-BA48-F8CEAFCE62FF}.Release|Any CPU.ActiveCfg = Release|Any CPU
		{24CB13D0-46E3-4F47-BA48-F8CEAFCE62FF}.Release|Any CPU.Build.0 = Release|Any CPU
		{24CB13D0-46E3-4F47-BA48-F8CEAFCE62FF}.Release|x64.ActiveCfg = Release|Any CPU
		{24CB13D0-46E3-4F47-BA48-F8CEAFCE62FF}.Release|x64.Build.0 = Release|Any CPU
		{24CB13D0-46E3-4F47-BA48-F8CEAFCE62FF}.Release|x86.ActiveCfg = Release|Any CPU
		{24CB13D0-46E3-4F47-BA48-F8CEAFCE62FF}.Release|x86.Build.0 = Release|Any CPU
		{952500A9-6392-498E-BDD8-B6B1DA21FF73}.Debug|Any CPU.ActiveCfg = Debug|Any CPU
		{952500A9-6392-498E-BDD8-B6B1DA21FF73}.Debug|Any CPU.Build.0 = Debug|Any CPU
		{952500A9-6392-498E-BDD8-B6B1DA21FF73}.Debug|x64.ActiveCfg = Debug|Any CPU
		{952500A9-6392-498E-BDD8-B6B1DA21FF73}.Debug|x64.Build.0 = Debug|Any CPU
		{952500A9-6392-498E-BDD8-B6B1DA21FF73}.Debug|x86.ActiveCfg = Debug|Any CPU
		{952500A9-6392-498E-BDD8-B6B1DA21FF73}.Debug|x86.Build.0 = Debug|Any CPU
		{952500A9-6392-498E-BDD8-B6B1DA21FF73}.Release|Any CPU.ActiveCfg = Release|Any CPU
		{952500A9-6392-498E-BDD8-B6B1DA21FF73}.Release|Any CPU.Build.0 = Release|Any CPU
		{952500A9-6392-498E-BDD8-B6B1DA21FF73}.Release|x64.ActiveCfg = Release|Any CPU
		{952500A9-6392-498E-BDD8-B6B1DA21FF73}.Release|x64.Build.0 = Release|Any CPU
		{952500A9-6392-498E-BDD8-B6B1DA21FF73}.Release|x86.ActiveCfg = Release|Any CPU
		{952500A9-6392-498E-BDD8-B6B1DA21FF73}.Release|x86.Build.0 = Release|Any CPU
		{9A306B4E-FC6B-4B5C-A418-D9D0D656B48D}.Debug|Any CPU.ActiveCfg = Debug|Any CPU
		{9A306B4E-FC6B-4B5C-A418-D9D0D656B48D}.Debug|Any CPU.Build.0 = Debug|Any CPU
		{9A306B4E-FC6B-4B5C-A418-D9D0D656B48D}.Debug|x64.ActiveCfg = Debug|Any CPU
		{9A306B4E-FC6B-4B5C-A418-D9D0D656B48D}.Debug|x64.Build.0 = Debug|Any CPU
		{9A306B4E-FC6B-4B5C-A418-D9D0D656B48D}.Debug|x86.ActiveCfg = Debug|Any CPU
		{9A306B4E-FC6B-4B5C-A418-D9D0D656B48D}.Debug|x86.Build.0 = Debug|Any CPU
		{9A306B4E-FC6B-4B5C-A418-D9D0D656B48D}.Release|Any CPU.ActiveCfg = Release|Any CPU
		{9A306B4E-FC6B-4B5C-A418-D9D0D656B48D}.Release|Any CPU.Build.0 = Release|Any CPU
		{9A306B4E-FC6B-4B5C-A418-D9D0D656B48D}.Release|x64.ActiveCfg = Release|Any CPU
		{9A306B4E-FC6B-4B5C-A418-D9D0D656B48D}.Release|x64.Build.0 = Release|Any CPU
		{9A306B4E-FC6B-4B5C-A418-D9D0D656B48D}.Release|x86.ActiveCfg = Release|Any CPU
		{9A306B4E-FC6B-4B5C-A418-D9D0D656B48D}.Release|x86.Build.0 = Release|Any CPU
		{4B69DC1D-CBF7-4F95-91A3-904E1E1D65E1}.Debug|Any CPU.ActiveCfg = Debug|Any CPU
		{4B69DC1D-CBF7-4F95-91A3-904E1E1D65E1}.Debug|Any CPU.Build.0 = Debug|Any CPU
		{4B69DC1D-CBF7-4F95-91A3-904E1E1D65E1}.Debug|x64.ActiveCfg = Debug|Any CPU
		{4B69DC1D-CBF7-4F95-91A3-904E1E1D65E1}.Debug|x64.Build.0 = Debug|Any CPU
		{4B69DC1D-CBF7-4F95-91A3-904E1E1D65E1}.Debug|x86.ActiveCfg = Debug|Any CPU
		{4B69DC1D-CBF7-4F95-91A3-904E1E1D65E1}.Debug|x86.Build.0 = Debug|Any CPU
		{4B69DC1D-CBF7-4F95-91A3-904E1E1D65E1}.Release|Any CPU.ActiveCfg = Release|Any CPU
		{4B69DC1D-CBF7-4F95-91A3-904E1E1D65E1}.Release|Any CPU.Build.0 = Release|Any CPU
		{4B69DC1D-CBF7-4F95-91A3-904E1E1D65E1}.Release|x64.ActiveCfg = Release|Any CPU
		{4B69DC1D-CBF7-4F95-91A3-904E1E1D65E1}.Release|x64.Build.0 = Release|Any CPU
		{4B69DC1D-CBF7-4F95-91A3-904E1E1D65E1}.Release|x86.ActiveCfg = Release|Any CPU
		{4B69DC1D-CBF7-4F95-91A3-904E1E1D65E1}.Release|x86.Build.0 = Release|Any CPU
		{3634E060-218D-4D26-B9B8-D3A80F4961BC}.Debug|Any CPU.ActiveCfg = Debug|Any CPU
		{3634E060-218D-4D26-B9B8-D3A80F4961BC}.Debug|Any CPU.Build.0 = Debug|Any CPU
		{3634E060-218D-4D26-B9B8-D3A80F4961BC}.Debug|x64.ActiveCfg = Debug|Any CPU
		{3634E060-218D-4D26-B9B8-D3A80F4961BC}.Debug|x64.Build.0 = Debug|Any CPU
		{3634E060-218D-4D26-B9B8-D3A80F4961BC}.Debug|x86.ActiveCfg = Debug|Any CPU
		{3634E060-218D-4D26-B9B8-D3A80F4961BC}.Debug|x86.Build.0 = Debug|Any CPU
		{3634E060-218D-4D26-B9B8-D3A80F4961BC}.Release|Any CPU.ActiveCfg = Release|Any CPU
		{3634E060-218D-4D26-B9B8-D3A80F4961BC}.Release|Any CPU.Build.0 = Release|Any CPU
		{3634E060-218D-4D26-B9B8-D3A80F4961BC}.Release|x64.ActiveCfg = Release|Any CPU
		{3634E060-218D-4D26-B9B8-D3A80F4961BC}.Release|x64.Build.0 = Release|Any CPU
		{3634E060-218D-4D26-B9B8-D3A80F4961BC}.Release|x86.ActiveCfg = Release|Any CPU
		{3634E060-218D-4D26-B9B8-D3A80F4961BC}.Release|x86.Build.0 = Release|Any CPU
		{86AF32BD-7E91-44C8-A81D-8847B70D3FC8}.Debug|Any CPU.ActiveCfg = Debug|Any CPU
		{86AF32BD-7E91-44C8-A81D-8847B70D3FC8}.Debug|Any CPU.Build.0 = Debug|Any CPU
		{86AF32BD-7E91-44C8-A81D-8847B70D3FC8}.Debug|x64.ActiveCfg = Debug|Any CPU
		{86AF32BD-7E91-44C8-A81D-8847B70D3FC8}.Debug|x64.Build.0 = Debug|Any CPU
		{86AF32BD-7E91-44C8-A81D-8847B70D3FC8}.Debug|x86.ActiveCfg = Debug|Any CPU
		{86AF32BD-7E91-44C8-A81D-8847B70D3FC8}.Debug|x86.Build.0 = Debug|Any CPU
		{86AF32BD-7E91-44C8-A81D-8847B70D3FC8}.Release|Any CPU.ActiveCfg = Release|Any CPU
		{86AF32BD-7E91-44C8-A81D-8847B70D3FC8}.Release|Any CPU.Build.0 = Release|Any CPU
		{86AF32BD-7E91-44C8-A81D-8847B70D3FC8}.Release|x64.ActiveCfg = Release|Any CPU
		{86AF32BD-7E91-44C8-A81D-8847B70D3FC8}.Release|x64.Build.0 = Release|Any CPU
		{86AF32BD-7E91-44C8-A81D-8847B70D3FC8}.Release|x86.ActiveCfg = Release|Any CPU
		{86AF32BD-7E91-44C8-A81D-8847B70D3FC8}.Release|x86.Build.0 = Release|Any CPU
		{B2EF9E67-8575-49C9-A530-2FA86242E9FA}.Debug|Any CPU.ActiveCfg = Debug|Any CPU
		{B2EF9E67-8575-49C9-A530-2FA86242E9FA}.Debug|Any CPU.Build.0 = Debug|Any CPU
		{B2EF9E67-8575-49C9-A530-2FA86242E9FA}.Debug|x64.ActiveCfg = Debug|Any CPU
		{B2EF9E67-8575-49C9-A530-2FA86242E9FA}.Debug|x64.Build.0 = Debug|Any CPU
		{B2EF9E67-8575-49C9-A530-2FA86242E9FA}.Debug|x86.ActiveCfg = Debug|Any CPU
		{B2EF9E67-8575-49C9-A530-2FA86242E9FA}.Debug|x86.Build.0 = Debug|Any CPU
		{B2EF9E67-8575-49C9-A530-2FA86242E9FA}.Release|Any CPU.ActiveCfg = Release|Any CPU
		{B2EF9E67-8575-49C9-A530-2FA86242E9FA}.Release|Any CPU.Build.0 = Release|Any CPU
		{B2EF9E67-8575-49C9-A530-2FA86242E9FA}.Release|x64.ActiveCfg = Release|Any CPU
		{B2EF9E67-8575-49C9-A530-2FA86242E9FA}.Release|x64.Build.0 = Release|Any CPU
		{B2EF9E67-8575-49C9-A530-2FA86242E9FA}.Release|x86.ActiveCfg = Release|Any CPU
		{B2EF9E67-8575-49C9-A530-2FA86242E9FA}.Release|x86.Build.0 = Release|Any CPU
		{3435B553-7CD1-476D-8D8D-BF40777AB38B}.Debug|Any CPU.ActiveCfg = Debug|Any CPU
		{3435B553-7CD1-476D-8D8D-BF40777AB38B}.Debug|Any CPU.Build.0 = Debug|Any CPU
		{3435B553-7CD1-476D-8D8D-BF40777AB38B}.Debug|x64.ActiveCfg = Debug|Any CPU
		{3435B553-7CD1-476D-8D8D-BF40777AB38B}.Debug|x64.Build.0 = Debug|Any CPU
		{3435B553-7CD1-476D-8D8D-BF40777AB38B}.Debug|x86.ActiveCfg = Debug|Any CPU
		{3435B553-7CD1-476D-8D8D-BF40777AB38B}.Debug|x86.Build.0 = Debug|Any CPU
		{3435B553-7CD1-476D-8D8D-BF40777AB38B}.Release|Any CPU.ActiveCfg = Release|Any CPU
		{3435B553-7CD1-476D-8D8D-BF40777AB38B}.Release|Any CPU.Build.0 = Release|Any CPU
		{3435B553-7CD1-476D-8D8D-BF40777AB38B}.Release|x64.ActiveCfg = Release|Any CPU
		{3435B553-7CD1-476D-8D8D-BF40777AB38B}.Release|x64.Build.0 = Release|Any CPU
		{3435B553-7CD1-476D-8D8D-BF40777AB38B}.Release|x86.ActiveCfg = Release|Any CPU
		{3435B553-7CD1-476D-8D8D-BF40777AB38B}.Release|x86.Build.0 = Release|Any CPU
		{A51D6219-F726-48A7-BC3A-EC5BD2B401B4}.Debug|Any CPU.ActiveCfg = Debug|Any CPU
		{A51D6219-F726-48A7-BC3A-EC5BD2B401B4}.Debug|Any CPU.Build.0 = Debug|Any CPU
		{A51D6219-F726-48A7-BC3A-EC5BD2B401B4}.Debug|x64.ActiveCfg = Debug|Any CPU
		{A51D6219-F726-48A7-BC3A-EC5BD2B401B4}.Debug|x64.Build.0 = Debug|Any CPU
		{A51D6219-F726-48A7-BC3A-EC5BD2B401B4}.Debug|x86.ActiveCfg = Debug|Any CPU
		{A51D6219-F726-48A7-BC3A-EC5BD2B401B4}.Debug|x86.Build.0 = Debug|Any CPU
		{A51D6219-F726-48A7-BC3A-EC5BD2B401B4}.Release|Any CPU.ActiveCfg = Release|Any CPU
		{A51D6219-F726-48A7-BC3A-EC5BD2B401B4}.Release|Any CPU.Build.0 = Release|Any CPU
		{A51D6219-F726-48A7-BC3A-EC5BD2B401B4}.Release|x64.ActiveCfg = Release|Any CPU
		{A51D6219-F726-48A7-BC3A-EC5BD2B401B4}.Release|x64.Build.0 = Release|Any CPU
		{A51D6219-F726-48A7-BC3A-EC5BD2B401B4}.Release|x86.ActiveCfg = Release|Any CPU
		{A51D6219-F726-48A7-BC3A-EC5BD2B401B4}.Release|x86.Build.0 = Release|Any CPU
		{7C869E00-C6EC-4B7E-913A-BE1FE29A225F}.Debug|Any CPU.ActiveCfg = Debug|Any CPU
		{7C869E00-C6EC-4B7E-913A-BE1FE29A225F}.Debug|Any CPU.Build.0 = Debug|Any CPU
		{7C869E00-C6EC-4B7E-913A-BE1FE29A225F}.Debug|x64.ActiveCfg = Debug|Any CPU
		{7C869E00-C6EC-4B7E-913A-BE1FE29A225F}.Debug|x64.Build.0 = Debug|Any CPU
		{7C869E00-C6EC-4B7E-913A-BE1FE29A225F}.Debug|x86.ActiveCfg = Debug|Any CPU
		{7C869E00-C6EC-4B7E-913A-BE1FE29A225F}.Debug|x86.Build.0 = Debug|Any CPU
		{7C869E00-C6EC-4B7E-913A-BE1FE29A225F}.Release|Any CPU.ActiveCfg = Release|Any CPU
		{7C869E00-C6EC-4B7E-913A-BE1FE29A225F}.Release|Any CPU.Build.0 = Release|Any CPU
		{7C869E00-C6EC-4B7E-913A-BE1FE29A225F}.Release|x64.ActiveCfg = Release|Any CPU
		{7C869E00-C6EC-4B7E-913A-BE1FE29A225F}.Release|x64.Build.0 = Release|Any CPU
		{7C869E00-C6EC-4B7E-913A-BE1FE29A225F}.Release|x86.ActiveCfg = Release|Any CPU
		{7C869E00-C6EC-4B7E-913A-BE1FE29A225F}.Release|x86.Build.0 = Release|Any CPU
		{D2D4E909-E605-4ECA-B1B8-5C49C4BF14AD}.Debug|Any CPU.ActiveCfg = Debug|Any CPU
		{D2D4E909-E605-4ECA-B1B8-5C49C4BF14AD}.Debug|Any CPU.Build.0 = Debug|Any CPU
		{D2D4E909-E605-4ECA-B1B8-5C49C4BF14AD}.Debug|x64.ActiveCfg = Debug|Any CPU
		{D2D4E909-E605-4ECA-B1B8-5C49C4BF14AD}.Debug|x64.Build.0 = Debug|Any CPU
		{D2D4E909-E605-4ECA-B1B8-5C49C4BF14AD}.Debug|x86.ActiveCfg = Debug|Any CPU
		{D2D4E909-E605-4ECA-B1B8-5C49C4BF14AD}.Debug|x86.Build.0 = Debug|Any CPU
		{D2D4E909-E605-4ECA-B1B8-5C49C4BF14AD}.Release|Any CPU.ActiveCfg = Release|Any CPU
		{D2D4E909-E605-4ECA-B1B8-5C49C4BF14AD}.Release|Any CPU.Build.0 = Release|Any CPU
		{D2D4E909-E605-4ECA-B1B8-5C49C4BF14AD}.Release|x64.ActiveCfg = Release|Any CPU
		{D2D4E909-E605-4ECA-B1B8-5C49C4BF14AD}.Release|x64.Build.0 = Release|Any CPU
		{D2D4E909-E605-4ECA-B1B8-5C49C4BF14AD}.Release|x86.ActiveCfg = Release|Any CPU
		{D2D4E909-E605-4ECA-B1B8-5C49C4BF14AD}.Release|x86.Build.0 = Release|Any CPU
		{F0B347D7-188E-4D02-A3D3-78109D4FA584}.Debug|Any CPU.ActiveCfg = Debug|Any CPU
		{F0B347D7-188E-4D02-A3D3-78109D4FA584}.Debug|Any CPU.Build.0 = Debug|Any CPU
		{F0B347D7-188E-4D02-A3D3-78109D4FA584}.Debug|x64.ActiveCfg = Debug|Any CPU
		{F0B347D7-188E-4D02-A3D3-78109D4FA584}.Debug|x64.Build.0 = Debug|Any CPU
		{F0B347D7-188E-4D02-A3D3-78109D4FA584}.Debug|x86.ActiveCfg = Debug|Any CPU
		{F0B347D7-188E-4D02-A3D3-78109D4FA584}.Debug|x86.Build.0 = Debug|Any CPU
		{F0B347D7-188E-4D02-A3D3-78109D4FA584}.Release|Any CPU.ActiveCfg = Release|Any CPU
		{F0B347D7-188E-4D02-A3D3-78109D4FA584}.Release|Any CPU.Build.0 = Release|Any CPU
		{F0B347D7-188E-4D02-A3D3-78109D4FA584}.Release|x64.ActiveCfg = Release|Any CPU
		{F0B347D7-188E-4D02-A3D3-78109D4FA584}.Release|x64.Build.0 = Release|Any CPU
		{F0B347D7-188E-4D02-A3D3-78109D4FA584}.Release|x86.ActiveCfg = Release|Any CPU
		{F0B347D7-188E-4D02-A3D3-78109D4FA584}.Release|x86.Build.0 = Release|Any CPU
	EndGlobalSection
	GlobalSection(SolutionProperties) = preSolution
		HideSolutionNode = FALSE
	EndGlobalSection
	GlobalSection(NestedProjects) = preSolution
		{981C2CF6-E5BB-602A-511C-234B538302B0} = {827E0CD3-B72D-47B6-A68D-7590B98EB39B}
		{E3DB7B92-A52B-47E0-B8E7-160497206F96} = {981C2CF6-E5BB-602A-511C-234B538302B0}
		{EC447DCF-ABFA-6E24-52A5-D7FD48A5C558} = {827E0CD3-B72D-47B6-A68D-7590B98EB39B}
		{0EC62A1A-9858-3A60-8A0C-FC9AACFA2EC7} = {EC447DCF-ABFA-6E24-52A5-D7FD48A5C558}
		{24CB13D0-46E3-4F47-BA48-F8CEAFCE62FF} = {0EC62A1A-9858-3A60-8A0C-FC9AACFA2EC7}
		{952500A9-6392-498E-BDD8-B6B1DA21FF73} = {0EC62A1A-9858-3A60-8A0C-FC9AACFA2EC7}
		{9A306B4E-FC6B-4B5C-A418-D9D0D656B48D} = {0EC62A1A-9858-3A60-8A0C-FC9AACFA2EC7}
		{4B69DC1D-CBF7-4F95-91A3-904E1E1D65E1} = {0EC62A1A-9858-3A60-8A0C-FC9AACFA2EC7}
		{4916611A-F746-2FDD-0D37-783F1C8BAF79} = {EC447DCF-ABFA-6E24-52A5-D7FD48A5C558}
		{3634E060-218D-4D26-B9B8-D3A80F4961BC} = {4916611A-F746-2FDD-0D37-783F1C8BAF79}
		{86AF32BD-7E91-44C8-A81D-8847B70D3FC8} = {4916611A-F746-2FDD-0D37-783F1C8BAF79}
		{B2EF9E67-8575-49C9-A530-2FA86242E9FA} = {4916611A-F746-2FDD-0D37-783F1C8BAF79}
		{3435B553-7CD1-476D-8D8D-BF40777AB38B} = {4916611A-F746-2FDD-0D37-783F1C8BAF79}
		{123030FC-31FE-1CF9-8B12-8947E813559B} = {EC447DCF-ABFA-6E24-52A5-D7FD48A5C558}
		{A51D6219-F726-48A7-BC3A-EC5BD2B401B4} = {123030FC-31FE-1CF9-8B12-8947E813559B}
		{7C869E00-C6EC-4B7E-913A-BE1FE29A225F} = {123030FC-31FE-1CF9-8B12-8947E813559B}
		{D2D4E909-E605-4ECA-B1B8-5C49C4BF14AD} = {0AB3BF05-4346-4AA6-1389-037BE0695223}
		{F0B347D7-188E-4D02-A3D3-78109D4FA584} = {0AB3BF05-4346-4AA6-1389-037BE0695223}
	EndGlobalSection
EndGlobal
