
Microsoft Visual Studio Solution File, Format Version 12.00
# Visual Studio Version 17
VisualStudioVersion = 17.0.31903.59
MinimumVisualStudioVersion = 10.0.40219.1
Project("{2150E333-8FDC-42A3-9474-1A3956D46DE8}") = "src", "src", "{827E0CD3-B72D-47B6-A68D-7590B98EB39B}"
EndProject
Project("{2150E333-8FDC-42A3-9474-1A3956D46DE8}") = "Host", "Host", "{981C2CF6-E5BB-602A-511C-234B538302B0}"
EndProject
Project("{FAE04EC0-301F-11D3-BF4B-00C04F79EFBC}") = "BillingPlatform.Api", "src\Host\BillingPlatform.Api\BillingPlatform.Api.csproj", "{E3DB7B92-A52B-47E0-B8E7-160497206F96}"
EndProject
Project("{2150E333-8FDC-42A3-9474-1A3956D46DE8}") = "Modules", "Modules", "{EC447DCF-ABFA-6E24-52A5-D7FD48A5C558}"
EndProject
Project("{2150E333-8FDC-42A3-9474-1A3956D46DE8}") = "Identity", "Identity", "{0EC62A1A-9858-3A60-8A0C-FC9AACFA2EC7}"
EndProject
Project("{FAE04EC0-301F-11D3-BF4B-00C04F79EFBC}") = "BillingPlatform.Identity.Api", "src\Modules\Identity\BillingPlatform.Identity.Api\BillingPlatform.Identity.Api.csproj", "{24CB13D0-46E3-4F47-BA48-F8CEAFCE62FF}"
EndProject
Project("{FAE04EC0-301F-11D3-BF4B-00C04F79EFBC}") = "BillingPlatform.Identity.Application", "src\Modules\Identity\BillingPlatform.Identity.Application\BillingPlatform.Identity.Application.csproj", "{952500A9-6392-498E-BDD8-B6B1DA21FF73}"
EndProject
Project("{FAE04EC0-301F-11D3-BF4B-00C04F79EFBC}") = "BillingPlatform.Identity.Domain", "src\Modules\Identity\BillingPlatform.Identity.Domain\BillingPlatform.Identity.Domain.csproj", "{9A306B4E-FC6B-4B5C-A418-D9D0D656B48D}"
EndProject
Project("{FAE04EC0-301F-11D3-BF4B-00C04F79EFBC}") = "BillingPlatform.Identity.Infrastructure", "src\Modules\Identity\BillingPlatform.Identity.Infrastructure\BillingPlatform.Identity.Infrastructure.csproj", "{4B69DC1D-CBF7-4F95-91A3-904E1E1D65E1}"
EndProject
Project("{2150E333-8FDC-42A3-9474-1A3956D46DE8}") = "Organizations", "Organizations", "{4916611A-F746-2FDD-0D37-783F1C8BAF79}"
EndProject
Project("{FAE04EC0-301F-11D3-BF4B-00C04F79EFBC}") = "BillingPlatform.Organizations.Api", "src\Modules\Organizations\BillingPlatform.Organizations.Api\BillingPlatform.Organizations.Api.csproj", "{3634E060-218D-4D26-B9B8-D3A80F4961BC}"
EndProject
Project("{FAE04EC0-301F-11D3-BF4B-00C04F79EFBC}") = "BillingPlatform.Organizations.Application", "src\Modules\Organizations\BillingPlatform.Organizations.Application\BillingPlatform.Organizations.Application.csproj", "{86AF32BD-7E91-44C8-A81D-8847B70D3FC8}"
EndProject
Project("{FAE04EC0-301F-11D3-BF4B-00C04F79EFBC}") = "BillingPlatform.Organizations.Domain", "src\Modules\Organizations\BillingPlatform.Organizations.Domain\BillingPlatform.Organizations.Domain.csproj", "{B2EF9E67-8575-49C9-A530-2FA86242E9FA}"
EndProject
Project("{FAE04EC0-301F-11D3-BF4B-00C04F79EFBC}") = "BillingPlatform.Organizations.Infrastructure", "src\Modules\Organizations\BillingPlatform.Organizations.Infrastructure\BillingPlatform.Organizations.Infrastructure.csproj", "{3435B553-7CD1-476D-8D8D-BF40777AB38B}"
EndProject
Project("{2150E333-8FDC-42A3-9474-1A3956D46DE8}") = "Customers", "Customers", "{8B6EAC12-6192-4C11-A8CF-71A1259FEE58}"
EndProject
Project("{FAE04EC0-301F-11D3-BF4B-00C04F79EFBC}") = "BillingPlatform.Customers.Api", "src\Modules\Customers\BillingPlatform.Customers.Api\BillingPlatform.Customers.Api.csproj", "{F93E0C4C-29CC-484E-9034-2516E845E43A}"
EndProject
Project("{FAE04EC0-301F-11D3-BF4B-00C04F79EFBC}") = "BillingPlatform.Customers.Application", "src\Modules\Customers\BillingPlatform.Customers.Application\BillingPlatform.Customers.Application.csproj", "{2D0289EB-79A3-4988-8250-D71E89699EE6}"
EndProject
Project("{FAE04EC0-301F-11D3-BF4B-00C04F79EFBC}") = "BillingPlatform.Customers.Domain", "src\Modules\Customers\BillingPlatform.Customers.Domain\BillingPlatform.Customers.Domain.csproj", "{97408934-F612-4D50-A291-E7DCB4206EA3}"
EndProject
Project("{FAE04EC0-301F-11D3-BF4B-00C04F79EFBC}") = "BillingPlatform.Customers.Infrastructure", "src\Modules\Customers\BillingPlatform.Customers.Infrastructure\BillingPlatform.Customers.Infrastructure.csproj", "{09F28FAF-37E0-47A4-B551-B27CB637E0D0}"
EndProject
Project("{2150E333-8FDC-42A3-9474-1A3956D46DE8}") = "Catalog", "Catalog", "{6DF95B18-CDB6-4E41-B563-35CA8688A7D1}"
EndProject
Project("{FAE04EC0-301F-11D3-BF4B-00C04F79EFBC}") = "BillingPlatform.Catalog.Api", "src\Modules\Catalog\BillingPlatform.Catalog.Api\BillingPlatform.Catalog.Api.csproj", "{B9BDFC2F-5D61-49F3-BD5F-6A47314AECB6}"
EndProject
Project("{FAE04EC0-301F-11D3-BF4B-00C04F79EFBC}") = "BillingPlatform.Catalog.Application", "src\Modules\Catalog\BillingPlatform.Catalog.Application\BillingPlatform.Catalog.Application.csproj", "{620CE607-C2DA-44DF-AB02-A0AD48458239}"
EndProject
Project("{FAE04EC0-301F-11D3-BF4B-00C04F79EFBC}") = "BillingPlatform.Catalog.Domain", "src\Modules\Catalog\BillingPlatform.Catalog.Domain\BillingPlatform.Catalog.Domain.csproj", "{A601B4F3-096F-DAB1-AE17-42195C47F3CF}"
EndProject
Project("{FAE04EC0-301F-11D3-BF4B-00C04F79EFBC}") = "BillingPlatform.Catalog.Infrastructure", "src\Modules\Catalog\BillingPlatform.Catalog.Infrastructure\BillingPlatform.Catalog.Infrastructure.csproj", "{384C4D1F-BF25-5A1E-3DC8-36783E568ACF}"
EndProject
Project("{2150E333-8FDC-42A3-9474-1A3956D46DE8}") = "Subscriptions", "Subscriptions", "{9A5ED899-07C3-42B3-AA49-BE506BE56EA9}"
EndProject
Project("{FAE04EC0-301F-11D3-BF4B-00C04F79EFBC}") = "BillingPlatform.Subscriptions.Api", "src\Modules\Subscriptions\BillingPlatform.Subscriptions.Api\BillingPlatform.Subscriptions.Api.csproj", "{4B2ACBA0-5BBF-4FA4-8D14-9B8DFE16A048}"
EndProject
Project("{FAE04EC0-301F-11D3-BF4B-00C04F79EFBC}") = "BillingPlatform.Subscriptions.Application", "src\Modules\Subscriptions\BillingPlatform.Subscriptions.Application\BillingPlatform.Subscriptions.Application.csproj", "{1D865063-D930-4BDF-B728-759B70587D04}"
EndProject
Project("{FAE04EC0-301F-11D3-BF4B-00C04F79EFBC}") = "BillingPlatform.Subscriptions.Domain", "src\Modules\Subscriptions\BillingPlatform.Subscriptions.Domain\BillingPlatform.Subscriptions.Domain.csproj", "{777BFFBB-B59F-4B46-9834-94ECE326378E}"
EndProject
Project("{FAE04EC0-301F-11D3-BF4B-00C04F79EFBC}") = "BillingPlatform.Subscriptions.Infrastructure", "src\Modules\Subscriptions\BillingPlatform.Subscriptions.Infrastructure\BillingPlatform.Subscriptions.Infrastructure.csproj", "{FD16CEE8-F945-4A77-A60B-D3A64FFA50F4}"
EndProject
Project("{2150E333-8FDC-42A3-9474-1A3956D46DE8}") = "Billing", "Billing", "{0F84562F-74D3-4992-AC1D-0A8BEC709A9F}"
EndProject
Project("{FAE04EC0-301F-11D3-BF4B-00C04F79EFBC}") = "BillingPlatform.Billing.Api", "src\Modules\Billing\BillingPlatform.Billing.Api\BillingPlatform.Billing.Api.csproj", "{33AF3C7C-2181-4F91-A81B-B1B7E0179FFB}"
EndProject
Project("{FAE04EC0-301F-11D3-BF4B-00C04F79EFBC}") = "BillingPlatform.Billing.Application", "src\Modules\Billing\BillingPlatform.Billing.Application\BillingPlatform.Billing.Application.csproj", "{0EA2911C-B513-4458-85AD-17530A0F3A65}"
EndProject
Project("{FAE04EC0-301F-11D3-BF4B-00C04F79EFBC}") = "BillingPlatform.Billing.Domain", "src\Modules\Billing\BillingPlatform.Billing.Domain\BillingPlatform.Billing.Domain.csproj", "{C5E88F39-E984-458C-A570-515403B00ADF}"
EndProject
Project("{FAE04EC0-301F-11D3-BF4B-00C04F79EFBC}") = "BillingPlatform.Billing.Infrastructure", "src\Modules\Billing\BillingPlatform.Billing.Infrastructure\BillingPlatform.Billing.Infrastructure.csproj", "{870C903F-92F3-466B-B6FB-B333CA68F5A6}"
EndProject
Project("{2150E333-8FDC-42A3-9474-1A3956D46DE8}") = "Payments", "Payments", "{87E15B9C-038A-494B-8C18-D4B8833FB20B}"
EndProject
Project("{FAE04EC0-301F-11D3-BF4B-00C04F79EFBC}") = "BillingPlatform.Payments.Api", "src\Modules\Payments\BillingPlatform.Payments.Api\BillingPlatform.Payments.Api.csproj", "{B553BB44-78C6-408F-A374-0C86E9AC0B9A}"
EndProject
Project("{FAE04EC0-301F-11D3-BF4B-00C04F79EFBC}") = "BillingPlatform.Payments.Application", "src\Modules\Payments\BillingPlatform.Payments.Application\BillingPlatform.Payments.Application.csproj", "{81AC2528-572A-45E9-9F44-132D5D6EB77D}"
EndProject
Project("{FAE04EC0-301F-11D3-BF4B-00C04F79EFBC}") = "BillingPlatform.Payments.Domain", "src\Modules\Payments\BillingPlatform.Payments.Domain\BillingPlatform.Payments.Domain.csproj", "{925C73A5-21F1-4E97-BBD4-C4381C4FA1E5}"
EndProject
Project("{FAE04EC0-301F-11D3-BF4B-00C04F79EFBC}") = "BillingPlatform.Payments.Infrastructure", "src\Modules\Payments\BillingPlatform.Payments.Infrastructure\BillingPlatform.Payments.Infrastructure.csproj", "{120CEFF9-11FE-4245-AF81-728524D825EC}"
EndProject
Project("{2150E333-8FDC-42A3-9474-1A3956D46DE8}") = "SimulationClock", "SimulationClock", "{123030FC-31FE-1CF9-8B12-8947E813559B}"
EndProject
Project("{FAE04EC0-301F-11D3-BF4B-00C04F79EFBC}") = "BillingPlatform.SimulationClock.Application", "src\Modules\SimulationClock\BillingPlatform.SimulationClock.Application\BillingPlatform.SimulationClock.Application.csproj", "{A51D6219-F726-48A7-BC3A-EC5BD2B401B4}"
EndProject
Project("{FAE04EC0-301F-11D3-BF4B-00C04F79EFBC}") = "BillingPlatform.SimulationClock.Infrastructure", "src\Modules\SimulationClock\BillingPlatform.SimulationClock.Infrastructure\BillingPlatform.SimulationClock.Infrastructure.csproj", "{7C869E00-C6EC-4B7E-913A-BE1FE29A225F}"
EndProject
Project("{2150E333-8FDC-42A3-9474-1A3956D46DE8}") = "tests", "tests", "{0AB3BF05-4346-4AA6-1389-037BE0695223}"
EndProject
Project("{FAE04EC0-301F-11D3-BF4B-00C04F79EFBC}") = "BillingPlatform.ArchitectureTests", "tests\BillingPlatform.ArchitectureTests\BillingPlatform.ArchitectureTests.csproj", "{D2D4E909-E605-4ECA-B1B8-5C49C4BF14AD}"
EndProject
Project("{FAE04EC0-301F-11D3-BF4B-00C04F79EFBC}") = "BillingPlatform.UnitTests", "tests\BillingPlatform.UnitTests\BillingPlatform.UnitTests.csproj", "{F0B347D7-188E-4D02-A3D3-78109D4FA584}"
EndProject
Project("{FAE04EC0-301F-11D3-BF4B-00C04F79EFBC}") = "BillingPlatform.IntegrationTests", "tests\BillingPlatform.IntegrationTests\BillingPlatform.IntegrationTests.csproj", "{634793EB-8DE5-4C7C-9BB0-06CA7C901F6B}"
EndProject
Project("{2150E333-8FDC-42A3-9474-1A3956D46DE8}") = "Webhooks", "Webhooks", "{87F5C68F-08A3-C22F-17F8-7CA1EF55A215}"
EndProject
Project("{FAE04EC0-301F-11D3-BF4B-00C04F79EFBC}") = "BillingPlatform.Webhooks.Api", "src\Modules\Webhooks\BillingPlatform.Webhooks.Api\BillingPlatform.Webhooks.Api.csproj", "{1E3DCB03-551F-451C-8FBD-C8E9BD2B12C3}"
EndProject
Project("{FAE04EC0-301F-11D3-BF4B-00C04F79EFBC}") = "BillingPlatform.Webhooks.Application", "src\Modules\Webhooks\BillingPlatform.Webhooks.Application\BillingPlatform.Webhooks.Application.csproj", "{EE47A693-5DE1-4015-9A31-EB5050E8F447}"
EndProject
Project("{FAE04EC0-301F-11D3-BF4B-00C04F79EFBC}") = "BillingPlatform.Webhooks.Domain", "src\Modules\Webhooks\BillingPlatform.Webhooks.Domain\BillingPlatform.Webhooks.Domain.csproj", "{57652B46-9604-4243-A184-6F1A4C92C035}"
EndProject
Project("{FAE04EC0-301F-11D3-BF4B-00C04F79EFBC}") = "BillingPlatform.Webhooks.Infrastructure", "src\Modules\Webhooks\BillingPlatform.Webhooks.Infrastructure\BillingPlatform.Webhooks.Infrastructure.csproj", "{1E1474BA-0A45-47AA-8D78-85B97CCD01A4}"
EndProject
Project("{2150E333-8FDC-42A3-9474-1A3956D46DE8}") = "Reporting", "Reporting", "{7410A65A-4010-4978-B2CA-317F72FBA357}"
EndProject
Project("{FAE04EC0-301F-11D3-BF4B-00C04F79EFBC}") = "BillingPlatform.Reporting.Api", "src\Modules\Reporting\BillingPlatform.Reporting.Api\BillingPlatform.Reporting.Api.csproj", "{0173984D-AA05-4BA3-8216-B5022E13BC32}"
EndProject
Project("{FAE04EC0-301F-11D3-BF4B-00C04F79EFBC}") = "BillingPlatform.Reporting.Application", "src\Modules\Reporting\BillingPlatform.Reporting.Application\BillingPlatform.Reporting.Application.csproj", "{085CACFD-F719-40F5-84DF-4DE4A45B5A5B}"
EndProject
Project("{FAE04EC0-301F-11D3-BF4B-00C04F79EFBC}") = "BillingPlatform.Reporting.Domain", "src\Modules\Reporting\BillingPlatform.Reporting.Domain\BillingPlatform.Reporting.Domain.csproj", "{A1B9AD7A-E688-477D-AB44-7682F61A8F86}"
EndProject
Project("{FAE04EC0-301F-11D3-BF4B-00C04F79EFBC}") = "BillingPlatform.Reporting.Infrastructure", "src\Modules\Reporting\BillingPlatform.Reporting.Infrastructure\BillingPlatform.Reporting.Infrastructure.csproj", "{5D9A7513-A9E7-412B-AC82-7965FC5B83CE}"
EndProject
Global
	GlobalSection(SolutionConfigurationPlatforms) = preSolution
		Debug|Any CPU = Debug|Any CPU
		Debug|x64 = Debug|x64
		Debug|x86 = Debug|x86
		Release|Any CPU = Release|Any CPU
		Release|x64 = Release|x64
		Release|x86 = Release|x86
	EndGlobalSection
	GlobalSection(ProjectConfigurationPlatforms) = postSolution
		{E3DB7B92-A52B-47E0-B8E7-160497206F96}.Debug|Any CPU.ActiveCfg = Debug|Any CPU
		{E3DB7B92-A52B-47E0-B8E7-160497206F96}.Debug|Any CPU.Build.0 = Debug|Any CPU
		{E3DB7B92-A52B-47E0-B8E7-160497206F96}.Debug|x64.ActiveCfg = Debug|Any CPU
		{E3DB7B92-A52B-47E0-B8E7-160497206F96}.Debug|x64.Build.0 = Debug|Any CPU
		{E3DB7B92-A52B-47E0-B8E7-160497206F96}.Debug|x86.ActiveCfg = Debug|Any CPU
		{E3DB7B92-A52B-47E0-B8E7-160497206F96}.Debug|x86.Build.0 = Debug|Any CPU
		{E3DB7B92-A52B-47E0-B8E7-160497206F96}.Release|Any CPU.ActiveCfg = Release|Any CPU
		{E3DB7B92-A52B-47E0-B8E7-160497206F96}.Release|Any CPU.Build.0 = Release|Any CPU
		{E3DB7B92-A52B-47E0-B8E7-160497206F96}.Release|x64.ActiveCfg = Release|Any CPU
		{E3DB7B92-A52B-47E0-B8E7-160497206F96}.Release|x64.Build.0 = Release|Any CPU
		{E3DB7B92-A52B-47E0-B8E7-160497206F96}.Release|x86.ActiveCfg = Release|Any CPU
		{E3DB7B92-A52B-47E0-B8E7-160497206F96}.Release|x86.Build.0 = Release|Any CPU
		{24CB13D0-46E3-4F47-BA48-F8CEAFCE62FF}.Debug|Any CPU.ActiveCfg = Debug|Any CPU
		{24CB13D0-46E3-4F47-BA48-F8CEAFCE62FF}.Debug|Any CPU.Build.0 = Debug|Any CPU
		{24CB13D0-46E3-4F47-BA48-F8CEAFCE62FF}.Debug|x64.ActiveCfg = Debug|Any CPU
		{24CB13D0-46E3-4F47-BA48-F8CEAFCE62FF}.Debug|x64.Build.0 = Debug|Any CPU
		{24CB13D0-46E3-4F47-BA48-F8CEAFCE62FF}.Debug|x86.ActiveCfg = Debug|Any CPU
		{24CB13D0-46E3-4F47-BA48-F8CEAFCE62FF}.Debug|x86.Build.0 = Debug|Any CPU
		{24CB13D0-46E3-4F47-BA48-F8CEAFCE62FF}.Release|Any CPU.ActiveCfg = Release|Any CPU
		{24CB13D0-46E3-4F47-BA48-F8CEAFCE62FF}.Release|Any CPU.Build.0 = Release|Any CPU
		{24CB13D0-46E3-4F47-BA48-F8CEAFCE62FF}.Release|x64.ActiveCfg = Release|Any CPU
		{24CB13D0-46E3-4F47-BA48-F8CEAFCE62FF}.Release|x64.Build.0 = Release|Any CPU
		{24CB13D0-46E3-4F47-BA48-F8CEAFCE62FF}.Release|x86.ActiveCfg = Release|Any CPU
		{24CB13D0-46E3-4F47-BA48-F8CEAFCE62FF}.Release|x86.Build.0 = Release|Any CPU
		{952500A9-6392-498E-BDD8-B6B1DA21FF73}.Debug|Any CPU.ActiveCfg = Debug|Any CPU
		{952500A9-6392-498E-BDD8-B6B1DA21FF73}.Debug|Any CPU.Build.0 = Debug|Any CPU
		{952500A9-6392-498E-BDD8-B6B1DA21FF73}.Debug|x64.ActiveCfg = Debug|Any CPU
		{952500A9-6392-498E-BDD8-B6B1DA21FF73}.Debug|x64.Build.0 = Debug|Any CPU
		{952500A9-6392-498E-BDD8-B6B1DA21FF73}.Debug|x86.ActiveCfg = Debug|Any CPU
		{952500A9-6392-498E-BDD8-B6B1DA21FF73}.Debug|x86.Build.0 = Debug|Any CPU
		{952500A9-6392-498E-BDD8-B6B1DA21FF73}.Release|Any CPU.ActiveCfg = Release|Any CPU
		{952500A9-6392-498E-BDD8-B6B1DA21FF73}.Release|Any CPU.Build.0 = Release|Any CPU
		{952500A9-6392-498E-BDD8-B6B1DA21FF73}.Release|x64.ActiveCfg = Release|Any CPU
		{952500A9-6392-498E-BDD8-B6B1DA21FF73}.Release|x64.Build.0 = Release|Any CPU
		{952500A9-6392-498E-BDD8-B6B1DA21FF73}.Release|x86.ActiveCfg = Release|Any CPU
		{952500A9-6392-498E-BDD8-B6B1DA21FF73}.Release|x86.Build.0 = Release|Any CPU
		{9A306B4E-FC6B-4B5C-A418-D9D0D656B48D}.Debug|Any CPU.ActiveCfg = Debug|Any CPU
		{9A306B4E-FC6B-4B5C-A418-D9D0D656B48D}.Debug|Any CPU.Build.0 = Debug|Any CPU
		{9A306B4E-FC6B-4B5C-A418-D9D0D656B48D}.Debug|x64.ActiveCfg = Debug|Any CPU
		{9A306B4E-FC6B-4B5C-A418-D9D0D656B48D}.Debug|x64.Build.0 = Debug|Any CPU
		{9A306B4E-FC6B-4B5C-A418-D9D0D656B48D}.Debug|x86.ActiveCfg = Debug|Any CPU
		{9A306B4E-FC6B-4B5C-A418-D9D0D656B48D}.Debug|x86.Build.0 = Debug|Any CPU
		{9A306B4E-FC6B-4B5C-A418-D9D0D656B48D}.Release|Any CPU.ActiveCfg = Release|Any CPU
		{9A306B4E-FC6B-4B5C-A418-D9D0D656B48D}.Release|Any CPU.Build.0 = Release|Any CPU
		{9A306B4E-FC6B-4B5C-A418-D9D0D656B48D}.Release|x64.ActiveCfg = Release|Any CPU
		{9A306B4E-FC6B-4B5C-A418-D9D0D656B48D}.Release|x64.Build.0 = Release|Any CPU
		{9A306B4E-FC6B-4B5C-A418-D9D0D656B48D}.Release|x86.ActiveCfg = Release|Any CPU
		{9A306B4E-FC6B-4B5C-A418-D9D0D656B48D}.Release|x86.Build.0 = Release|Any CPU
		{4B69DC1D-CBF7-4F95-91A3-904E1E1D65E1}.Debug|Any CPU.ActiveCfg = Debug|Any CPU
		{4B69DC1D-CBF7-4F95-91A3-904E1E1D65E1}.Debug|Any CPU.Build.0 = Debug|Any CPU
		{4B69DC1D-CBF7-4F95-91A3-904E1E1D65E1}.Debug|x64.ActiveCfg = Debug|Any CPU
		{4B69DC1D-CBF7-4F95-91A3-904E1E1D65E1}.Debug|x64.Build.0 = Debug|Any CPU
		{4B69DC1D-CBF7-4F95-91A3-904E1E1D65E1}.Debug|x86.ActiveCfg = Debug|Any CPU
		{4B69DC1D-CBF7-4F95-91A3-904E1E1D65E1}.Debug|x86.Build.0 = Debug|Any CPU
		{4B69DC1D-CBF7-4F95-91A3-904E1E1D65E1}.Release|Any CPU.ActiveCfg = Release|Any CPU
		{4B69DC1D-CBF7-4F95-91A3-904E1E1D65E1}.Release|Any CPU.Build.0 = Release|Any CPU
		{4B69DC1D-CBF7-4F95-91A3-904E1E1D65E1}.Release|x64.ActiveCfg = Release|Any CPU
		{4B69DC1D-CBF7-4F95-91A3-904E1E1D65E1}.Release|x64.Build.0 = Release|Any CPU
		{4B69DC1D-CBF7-4F95-91A3-904E1E1D65E1}.Release|x86.ActiveCfg = Release|Any CPU
		{4B69DC1D-CBF7-4F95-91A3-904E1E1D65E1}.Release|x86.Build.0 = Release|Any CPU
		{3634E060-218D-4D26-B9B8-D3A80F4961BC}.Debug|Any CPU.ActiveCfg = Debug|Any CPU
		{3634E060-218D-4D26-B9B8-D3A80F4961BC}.Debug|Any CPU.Build.0 = Debug|Any CPU
		{3634E060-218D-4D26-B9B8-D3A80F4961BC}.Debug|x64.ActiveCfg = Debug|Any CPU
		{3634E060-218D-4D26-B9B8-D3A80F4961BC}.Debug|x64.Build.0 = Debug|Any CPU
		{3634E060-218D-4D26-B9B8-D3A80F4961BC}.Debug|x86.ActiveCfg = Debug|Any CPU
		{3634E060-218D-4D26-B9B8-D3A80F4961BC}.Debug|x86.Build.0 = Debug|Any CPU
		{3634E060-218D-4D26-B9B8-D3A80F4961BC}.Release|Any CPU.ActiveCfg = Release|Any CPU
		{3634E060-218D-4D26-B9B8-D3A80F4961BC}.Release|Any CPU.Build.0 = Release|Any CPU
		{3634E060-218D-4D26-B9B8-D3A80F4961BC}.Release|x64.ActiveCfg = Release|Any CPU
		{3634E060-218D-4D26-B9B8-D3A80F4961BC}.Release|x64.Build.0 = Release|Any CPU
		{3634E060-218D-4D26-B9B8-D3A80F4961BC}.Release|x86.ActiveCfg = Release|Any CPU
		{3634E060-218D-4D26-B9B8-D3A80F4961BC}.Release|x86.Build.0 = Release|Any CPU
		{86AF32BD-7E91-44C8-A81D-8847B70D3FC8}.Debug|Any CPU.ActiveCfg = Debug|Any CPU
		{86AF32BD-7E91-44C8-A81D-8847B70D3FC8}.Debug|Any CPU.Build.0 = Debug|Any CPU
		{86AF32BD-7E91-44C8-A81D-8847B70D3FC8}.Debug|x64.ActiveCfg = Debug|Any CPU
		{86AF32BD-7E91-44C8-A81D-8847B70D3FC8}.Debug|x64.Build.0 = Debug|Any CPU
		{86AF32BD-7E91-44C8-A81D-8847B70D3FC8}.Debug|x86.ActiveCfg = Debug|Any CPU
		{86AF32BD-7E91-44C8-A81D-8847B70D3FC8}.Debug|x86.Build.0 = Debug|Any CPU
		{86AF32BD-7E91-44C8-A81D-8847B70D3FC8}.Release|Any CPU.ActiveCfg = Release|Any CPU
		{86AF32BD-7E91-44C8-A81D-8847B70D3FC8}.Release|Any CPU.Build.0 = Release|Any CPU
		{86AF32BD-7E91-44C8-A81D-8847B70D3FC8}.Release|x64.ActiveCfg = Release|Any CPU
		{86AF32BD-7E91-44C8-A81D-8847B70D3FC8}.Release|x64.Build.0 = Release|Any CPU
		{86AF32BD-7E91-44C8-A81D-8847B70D3FC8}.Release|x86.ActiveCfg = Release|Any CPU
		{86AF32BD-7E91-44C8-A81D-8847B70D3FC8}.Release|x86.Build.0 = Release|Any CPU
		{B2EF9E67-8575-49C9-A530-2FA86242E9FA}.Debug|Any CPU.ActiveCfg = Debug|Any CPU
		{B2EF9E67-8575-49C9-A530-2FA86242E9FA}.Debug|Any CPU.Build.0 = Debug|Any CPU
		{B2EF9E67-8575-49C9-A530-2FA86242E9FA}.Debug|x64.ActiveCfg = Debug|Any CPU
		{B2EF9E67-8575-49C9-A530-2FA86242E9FA}.Debug|x64.Build.0 = Debug|Any CPU
		{B2EF9E67-8575-49C9-A530-2FA86242E9FA}.Debug|x86.ActiveCfg = Debug|Any CPU
		{B2EF9E67-8575-49C9-A530-2FA86242E9FA}.Debug|x86.Build.0 = Debug|Any CPU
		{B2EF9E67-8575-49C9-A530-2FA86242E9FA}.Release|Any CPU.ActiveCfg = Release|Any CPU
		{B2EF9E67-8575-49C9-A530-2FA86242E9FA}.Release|Any CPU.Build.0 = Release|Any CPU
		{B2EF9E67-8575-49C9-A530-2FA86242E9FA}.Release|x64.ActiveCfg = Release|Any CPU
		{B2EF9E67-8575-49C9-A530-2FA86242E9FA}.Release|x64.Build.0 = Release|Any CPU
		{B2EF9E67-8575-49C9-A530-2FA86242E9FA}.Release|x86.ActiveCfg = Release|Any CPU
		{B2EF9E67-8575-49C9-A530-2FA86242E9FA}.Release|x86.Build.0 = Release|Any CPU
		{3435B553-7CD1-476D-8D8D-BF40777AB38B}.Debug|Any CPU.ActiveCfg = Debug|Any CPU
		{3435B553-7CD1-476D-8D8D-BF40777AB38B}.Debug|Any CPU.Build.0 = Debug|Any CPU
		{3435B553-7CD1-476D-8D8D-BF40777AB38B}.Debug|x64.ActiveCfg = Debug|Any CPU
		{3435B553-7CD1-476D-8D8D-BF40777AB38B}.Debug|x64.Build.0 = Debug|Any CPU
		{3435B553-7CD1-476D-8D8D-BF40777AB38B}.Debug|x86.ActiveCfg = Debug|Any CPU
		{3435B553-7CD1-476D-8D8D-BF40777AB38B}.Debug|x86.Build.0 = Debug|Any CPU
		{3435B553-7CD1-476D-8D8D-BF40777AB38B}.Release|Any CPU.ActiveCfg = Release|Any CPU
		{3435B553-7CD1-476D-8D8D-BF40777AB38B}.Release|Any CPU.Build.0 = Release|Any CPU
		{3435B553-7CD1-476D-8D8D-BF40777AB38B}.Release|x64.ActiveCfg = Release|Any CPU
		{3435B553-7CD1-476D-8D8D-BF40777AB38B}.Release|x64.Build.0 = Release|Any CPU
		{3435B553-7CD1-476D-8D8D-BF40777AB38B}.Release|x86.ActiveCfg = Release|Any CPU
		{3435B553-7CD1-476D-8D8D-BF40777AB38B}.Release|x86.Build.0 = Release|Any CPU
		{F93E0C4C-29CC-484E-9034-2516E845E43A}.Debug|Any CPU.ActiveCfg = Debug|Any CPU
		{F93E0C4C-29CC-484E-9034-2516E845E43A}.Debug|Any CPU.Build.0 = Debug|Any CPU
		{F93E0C4C-29CC-484E-9034-2516E845E43A}.Debug|x64.ActiveCfg = Debug|Any CPU
		{F93E0C4C-29CC-484E-9034-2516E845E43A}.Debug|x64.Build.0 = Debug|Any CPU
		{F93E0C4C-29CC-484E-9034-2516E845E43A}.Debug|x86.ActiveCfg = Debug|Any CPU
		{F93E0C4C-29CC-484E-9034-2516E845E43A}.Debug|x86.Build.0 = Debug|Any CPU
		{F93E0C4C-29CC-484E-9034-2516E845E43A}.Release|Any CPU.ActiveCfg = Release|Any CPU
		{F93E0C4C-29CC-484E-9034-2516E845E43A}.Release|Any CPU.Build.0 = Release|Any CPU
		{F93E0C4C-29CC-484E-9034-2516E845E43A}.Release|x64.ActiveCfg = Release|Any CPU
		{F93E0C4C-29CC-484E-9034-2516E845E43A}.Release|x64.Build.0 = Release|Any CPU
		{F93E0C4C-29CC-484E-9034-2516E845E43A}.Release|x86.ActiveCfg = Release|Any CPU
		{F93E0C4C-29CC-484E-9034-2516E845E43A}.Release|x86.Build.0 = Release|Any CPU
		{2D0289EB-79A3-4988-8250-D71E89699EE6}.Debug|Any CPU.ActiveCfg = Debug|Any CPU
		{2D0289EB-79A3-4988-8250-D71E89699EE6}.Debug|Any CPU.Build.0 = Debug|Any CPU
		{2D0289EB-79A3-4988-8250-D71E89699EE6}.Debug|x64.ActiveCfg = Debug|Any CPU
		{2D0289EB-79A3-4988-8250-D71E89699EE6}.Debug|x64.Build.0 = Debug|Any CPU
		{2D0289EB-79A3-4988-8250-D71E89699EE6}.Debug|x86.ActiveCfg = Debug|Any CPU
		{2D0289EB-79A3-4988-8250-D71E89699EE6}.Debug|x86.Build.0 = Debug|Any CPU
		{2D0289EB-79A3-4988-8250-D71E89699EE6}.Release|Any CPU.ActiveCfg = Release|Any CPU
		{2D0289EB-79A3-4988-8250-D71E89699EE6}.Release|Any CPU.Build.0 = Release|Any CPU
		{2D0289EB-79A3-4988-8250-D71E89699EE6}.Release|x64.ActiveCfg = Release|Any CPU
		{2D0289EB-79A3-4988-8250-D71E89699EE6}.Release|x64.Build.0 = Release|Any CPU
		{2D0289EB-79A3-4988-8250-D71E89699EE6}.Release|x86.ActiveCfg = Release|Any CPU
		{2D0289EB-79A3-4988-8250-D71E89699EE6}.Release|x86.Build.0 = Release|Any CPU
		{97408934-F612-4D50-A291-E7DCB4206EA3}.Debug|Any CPU.ActiveCfg = Debug|Any CPU
		{97408934-F612-4D50-A291-E7DCB4206EA3}.Debug|Any CPU.Build.0 = Debug|Any CPU
		{97408934-F612-4D50-A291-E7DCB4206EA3}.Debug|x64.ActiveCfg = Debug|Any CPU
		{97408934-F612-4D50-A291-E7DCB4206EA3}.Debug|x64.Build.0 = Debug|Any CPU
		{97408934-F612-4D50-A291-E7DCB4206EA3}.Debug|x86.ActiveCfg = Debug|Any CPU
		{97408934-F612-4D50-A291-E7DCB4206EA3}.Debug|x86.Build.0 = Debug|Any CPU
		{97408934-F612-4D50-A291-E7DCB4206EA3}.Release|Any CPU.ActiveCfg = Release|Any CPU
		{97408934-F612-4D50-A291-E7DCB4206EA3}.Release|Any CPU.Build.0 = Release|Any CPU
		{97408934-F612-4D50-A291-E7DCB4206EA3}.Release|x64.ActiveCfg = Release|Any CPU
		{97408934-F612-4D50-A291-E7DCB4206EA3}.Release|x64.Build.0 = Release|Any CPU
		{97408934-F612-4D50-A291-E7DCB4206EA3}.Release|x86.ActiveCfg = Release|Any CPU
		{97408934-F612-4D50-A291-E7DCB4206EA3}.Release|x86.Build.0 = Release|Any CPU
		{09F28FAF-37E0-47A4-B551-B27CB637E0D0}.Debug|Any CPU.ActiveCfg = Debug|Any CPU
		{09F28FAF-37E0-47A4-B551-B27CB637E0D0}.Debug|Any CPU.Build.0 = Debug|Any CPU
		{09F28FAF-37E0-47A4-B551-B27CB637E0D0}.Debug|x64.ActiveCfg = Debug|Any CPU
		{09F28FAF-37E0-47A4-B551-B27CB637E0D0}.Debug|x64.Build.0 = Debug|Any CPU
		{09F28FAF-37E0-47A4-B551-B27CB637E0D0}.Debug|x86.ActiveCfg = Debug|Any CPU
		{09F28FAF-37E0-47A4-B551-B27CB637E0D0}.Debug|x86.Build.0 = Debug|Any CPU
		{09F28FAF-37E0-47A4-B551-B27CB637E0D0}.Release|Any CPU.ActiveCfg = Release|Any CPU
		{09F28FAF-37E0-47A4-B551-B27CB637E0D0}.Release|Any CPU.Build.0 = Release|Any CPU
		{09F28FAF-37E0-47A4-B551-B27CB637E0D0}.Release|x64.ActiveCfg = Release|Any CPU
		{09F28FAF-37E0-47A4-B551-B27CB637E0D0}.Release|x64.Build.0 = Release|Any CPU
		{09F28FAF-37E0-47A4-B551-B27CB637E0D0}.Release|x86.ActiveCfg = Release|Any CPU
		{09F28FAF-37E0-47A4-B551-B27CB637E0D0}.Release|x86.Build.0 = Release|Any CPU
		{B9BDFC2F-5D61-49F3-BD5F-6A47314AECB6}.Debug|Any CPU.ActiveCfg = Debug|Any CPU
		{B9BDFC2F-5D61-49F3-BD5F-6A47314AECB6}.Debug|Any CPU.Build.0 = Debug|Any CPU
		{B9BDFC2F-5D61-49F3-BD5F-6A47314AECB6}.Debug|x64.ActiveCfg = Debug|Any CPU
		{B9BDFC2F-5D61-49F3-BD5F-6A47314AECB6}.Debug|x64.Build.0 = Debug|Any CPU
		{B9BDFC2F-5D61-49F3-BD5F-6A47314AECB6}.Debug|x86.ActiveCfg = Debug|Any CPU
		{B9BDFC2F-5D61-49F3-BD5F-6A47314AECB6}.Debug|x86.Build.0 = Debug|Any CPU
		{B9BDFC2F-5D61-49F3-BD5F-6A47314AECB6}.Release|Any CPU.ActiveCfg = Release|Any CPU
		{B9BDFC2F-5D61-49F3-BD5F-6A47314AECB6}.Release|Any CPU.Build.0 = Release|Any CPU
		{B9BDFC2F-5D61-49F3-BD5F-6A47314AECB6}.Release|x64.ActiveCfg = Release|Any CPU
		{B9BDFC2F-5D61-49F3-BD5F-6A47314AECB6}.Release|x64.Build.0 = Release|Any CPU
		{B9BDFC2F-5D61-49F3-BD5F-6A47314AECB6}.Release|x86.ActiveCfg = Release|Any CPU
		{B9BDFC2F-5D61-49F3-BD5F-6A47314AECB6}.Release|x86.Build.0 = Release|Any CPU
		{620CE607-C2DA-44DF-AB02-A0AD48458239}.Debug|Any CPU.ActiveCfg = Debug|Any CPU
		{620CE607-C2DA-44DF-AB02-A0AD48458239}.Debug|Any CPU.Build.0 = Debug|Any CPU
		{620CE607-C2DA-44DF-AB02-A0AD48458239}.Debug|x64.ActiveCfg = Debug|Any CPU
		{620CE607-C2DA-44DF-AB02-A0AD48458239}.Debug|x64.Build.0 = Debug|Any CPU
		{620CE607-C2DA-44DF-AB02-A0AD48458239}.Debug|x86.ActiveCfg = Debug|Any CPU
		{620CE607-C2DA-44DF-AB02-A0AD48458239}.Debug|x86.Build.0 = Debug|Any CPU
		{620CE607-C2DA-44DF-AB02-A0AD48458239}.Release|Any CPU.ActiveCfg = Release|Any CPU
		{620CE607-C2DA-44DF-AB02-A0AD48458239}.Release|Any CPU.Build.0 = Release|Any CPU
		{620CE607-C2DA-44DF-AB02-A0AD48458239}.Release|x64.ActiveCfg = Release|Any CPU
		{620CE607-C2DA-44DF-AB02-A0AD48458239}.Release|x64.Build.0 = Release|Any CPU
		{620CE607-C2DA-44DF-AB02-A0AD48458239}.Release|x86.ActiveCfg = Release|Any CPU
		{620CE607-C2DA-44DF-AB02-A0AD48458239}.Release|x86.Build.0 = Release|Any CPU
		{A601B4F3-096F-DAB1-AE17-42195C47F3CF}.Debug|Any CPU.ActiveCfg = Debug|Any CPU
		{A601B4F3-096F-DAB1-AE17-42195C47F3CF}.Debug|Any CPU.Build.0 = Debug|Any CPU
		{A601B4F3-096F-DAB1-AE17-42195C47F3CF}.Debug|x64.ActiveCfg = Debug|Any CPU
		{A601B4F3-096F-DAB1-AE17-42195C47F3CF}.Debug|x64.Build.0 = Debug|Any CPU
		{A601B4F3-096F-DAB1-AE17-42195C47F3CF}.Debug|x86.ActiveCfg = Debug|Any CPU
		{A601B4F3-096F-DAB1-AE17-42195C47F3CF}.Debug|x86.Build.0 = Debug|Any CPU
		{A601B4F3-096F-DAB1-AE17-42195C47F3CF}.Release|Any CPU.ActiveCfg = Release|Any CPU
		{A601B4F3-096F-DAB1-AE17-42195C47F3CF}.Release|Any CPU.Build.0 = Release|Any CPU
		{A601B4F3-096F-DAB1-AE17-42195C47F3CF}.Release|x64.ActiveCfg = Release|Any CPU
		{A601B4F3-096F-DAB1-AE17-42195C47F3CF}.Release|x64.Build.0 = Release|Any CPU
		{A601B4F3-096F-DAB1-AE17-42195C47F3CF}.Release|x86.ActiveCfg = Release|Any CPU
		{A601B4F3-096F-DAB1-AE17-42195C47F3CF}.Release|x86.Build.0 = Release|Any CPU
		{384C4D1F-BF25-5A1E-3DC8-36783E568ACF}.Debug|Any CPU.ActiveCfg = Debug|Any CPU
		{384C4D1F-BF25-5A1E-3DC8-36783E568ACF}.Debug|Any CPU.Build.0 = Debug|Any CPU
		{384C4D1F-BF25-5A1E-3DC8-36783E568ACF}.Debug|x64.ActiveCfg = Debug|Any CPU
		{384C4D1F-BF25-5A1E-3DC8-36783E568ACF}.Debug|x64.Build.0 = Debug|Any CPU
		{384C4D1F-BF25-5A1E-3DC8-36783E568ACF}.Debug|x86.ActiveCfg = Debug|Any CPU
		{384C4D1F-BF25-5A1E-3DC8-36783E568ACF}.Debug|x86.Build.0 = Debug|Any CPU
		{384C4D1F-BF25-5A1E-3DC8-36783E568ACF}.Release|Any CPU.ActiveCfg = Release|Any CPU
		{384C4D1F-BF25-5A1E-3DC8-36783E568ACF}.Release|Any CPU.Build.0 = Release|Any CPU
		{384C4D1F-BF25-5A1E-3DC8-36783E568ACF}.Release|x64.ActiveCfg = Release|Any CPU
		{384C4D1F-BF25-5A1E-3DC8-36783E568ACF}.Release|x64.Build.0 = Release|Any CPU
		{384C4D1F-BF25-5A1E-3DC8-36783E568ACF}.Release|x86.ActiveCfg = Release|Any CPU
		{384C4D1F-BF25-5A1E-3DC8-36783E568ACF}.Release|x86.Build.0 = Release|Any CPU
		{4B2ACBA0-5BBF-4FA4-8D14-9B8DFE16A048}.Debug|Any CPU.ActiveCfg = Debug|Any CPU
		{4B2ACBA0-5BBF-4FA4-8D14-9B8DFE16A048}.Debug|Any CPU.Build.0 = Debug|Any CPU
		{4B2ACBA0-5BBF-4FA4-8D14-9B8DFE16A048}.Debug|x64.ActiveCfg = Debug|Any CPU
		{4B2ACBA0-5BBF-4FA4-8D14-9B8DFE16A048}.Debug|x64.Build.0 = Debug|Any CPU
		{4B2ACBA0-5BBF-4FA4-8D14-9B8DFE16A048}.Debug|x86.ActiveCfg = Debug|Any CPU
		{4B2ACBA0-5BBF-4FA4-8D14-9B8DFE16A048}.Debug|x86.Build.0 = Debug|Any CPU
		{4B2ACBA0-5BBF-4FA4-8D14-9B8DFE16A048}.Release|Any CPU.ActiveCfg = Release|Any CPU
		{4B2ACBA0-5BBF-4FA4-8D14-9B8DFE16A048}.Release|Any CPU.Build.0 = Release|Any CPU
		{4B2ACBA0-5BBF-4FA4-8D14-9B8DFE16A048}.Release|x64.ActiveCfg = Release|Any CPU
		{4B2ACBA0-5BBF-4FA4-8D14-9B8DFE16A048}.Release|x64.Build.0 = Release|Any CPU
		{4B2ACBA0-5BBF-4FA4-8D14-9B8DFE16A048}.Release|x86.ActiveCfg = Release|Any CPU
		{4B2ACBA0-5BBF-4FA4-8D14-9B8DFE16A048}.Release|x86.Build.0 = Release|Any CPU
		{1D865063-D930-4BDF-B728-759B70587D04}.Debug|Any CPU.ActiveCfg = Debug|Any CPU
		{1D865063-D930-4BDF-B728-759B70587D04}.Debug|Any CPU.Build.0 = Debug|Any CPU
		{1D865063-D930-4BDF-B728-759B70587D04}.Debug|x64.ActiveCfg = Debug|Any CPU
		{1D865063-D930-4BDF-B728-759B70587D04}.Debug|x64.Build.0 = Debug|Any CPU
		{1D865063-D930-4BDF-B728-759B70587D04}.Debug|x86.ActiveCfg = Debug|Any CPU
		{1D865063-D930-4BDF-B728-759B70587D04}.Debug|x86.Build.0 = Debug|Any CPU
		{1D865063-D930-4BDF-B728-759B70587D04}.Release|Any CPU.ActiveCfg = Release|Any CPU
		{1D865063-D930-4BDF-B728-759B70587D04}.Release|Any CPU.Build.0 = Release|Any CPU
		{1D865063-D930-4BDF-B728-759B70587D04}.Release|x64.ActiveCfg = Release|Any CPU
		{1D865063-D930-4BDF-B728-759B70587D04}.Release|x64.Build.0 = Release|Any CPU
		{1D865063-D930-4BDF-B728-759B70587D04}.Release|x86.ActiveCfg = Release|Any CPU
		{1D865063-D930-4BDF-B728-759B70587D04}.Release|x86.Build.0 = Release|Any CPU
		{777BFFBB-B59F-4B46-9834-94ECE326378E}.Debug|Any CPU.ActiveCfg = Debug|Any CPU
		{777BFFBB-B59F-4B46-9834-94ECE326378E}.Debug|Any CPU.Build.0 = Debug|Any CPU
		{777BFFBB-B59F-4B46-9834-94ECE326378E}.Debug|x64.ActiveCfg = Debug|Any CPU
		{777BFFBB-B59F-4B46-9834-94ECE326378E}.Debug|x64.Build.0 = Debug|Any CPU
		{777BFFBB-B59F-4B46-9834-94ECE326378E}.Debug|x86.ActiveCfg = Debug|Any CPU
		{777BFFBB-B59F-4B46-9834-94ECE326378E}.Debug|x86.Build.0 = Debug|Any CPU
		{777BFFBB-B59F-4B46-9834-94ECE326378E}.Release|Any CPU.ActiveCfg = Release|Any CPU
		{777BFFBB-B59F-4B46-9834-94ECE326378E}.Release|Any CPU.Build.0 = Release|Any CPU
		{777BFFBB-B59F-4B46-9834-94ECE326378E}.Release|x64.ActiveCfg = Release|Any CPU
		{777BFFBB-B59F-4B46-9834-94ECE326378E}.Release|x64.Build.0 = Release|Any CPU
		{777BFFBB-B59F-4B46-9834-94ECE326378E}.Release|x86.ActiveCfg = Release|Any CPU
		{777BFFBB-B59F-4B46-9834-94ECE326378E}.Release|x86.Build.0 = Release|Any CPU
		{FD16CEE8-F945-4A77-A60B-D3A64FFA50F4}.Debug|Any CPU.ActiveCfg = Debug|Any CPU
		{FD16CEE8-F945-4A77-A60B-D3A64FFA50F4}.Debug|Any CPU.Build.0 = Debug|Any CPU
		{FD16CEE8-F945-4A77-A60B-D3A64FFA50F4}.Debug|x64.ActiveCfg = Debug|Any CPU
		{FD16CEE8-F945-4A77-A60B-D3A64FFA50F4}.Debug|x64.Build.0 = Debug|Any CPU
		{FD16CEE8-F945-4A77-A60B-D3A64FFA50F4}.Debug|x86.ActiveCfg = Debug|Any CPU
		{FD16CEE8-F945-4A77-A60B-D3A64FFA50F4}.Debug|x86.Build.0 = Debug|Any CPU
		{FD16CEE8-F945-4A77-A60B-D3A64FFA50F4}.Release|Any CPU.ActiveCfg = Release|Any CPU
		{FD16CEE8-F945-4A77-A60B-D3A64FFA50F4}.Release|Any CPU.Build.0 = Release|Any CPU
		{FD16CEE8-F945-4A77-A60B-D3A64FFA50F4}.Release|x64.ActiveCfg = Release|Any CPU
		{FD16CEE8-F945-4A77-A60B-D3A64FFA50F4}.Release|x64.Build.0 = Release|Any CPU
		{FD16CEE8-F945-4A77-A60B-D3A64FFA50F4}.Release|x86.ActiveCfg = Release|Any CPU
		{FD16CEE8-F945-4A77-A60B-D3A64FFA50F4}.Release|x86.Build.0 = Release|Any CPU
		{33AF3C7C-2181-4F91-A81B-B1B7E0179FFB}.Debug|Any CPU.ActiveCfg = Debug|Any CPU
		{33AF3C7C-2181-4F91-A81B-B1B7E0179FFB}.Debug|Any CPU.Build.0 = Debug|Any CPU
		{33AF3C7C-2181-4F91-A81B-B1B7E0179FFB}.Release|Any CPU.ActiveCfg = Release|Any CPU
		{33AF3C7C-2181-4F91-A81B-B1B7E0179FFB}.Release|Any CPU.Build.0 = Release|Any CPU
		{0EA2911C-B513-4458-85AD-17530A0F3A65}.Debug|Any CPU.ActiveCfg = Debug|Any CPU
		{0EA2911C-B513-4458-85AD-17530A0F3A65}.Debug|Any CPU.Build.0 = Debug|Any CPU
		{0EA2911C-B513-4458-85AD-17530A0F3A65}.Release|Any CPU.ActiveCfg = Release|Any CPU
		{0EA2911C-B513-4458-85AD-17530A0F3A65}.Release|Any CPU.Build.0 = Release|Any CPU
		{C5E88F39-E984-458C-A570-515403B00ADF}.Debug|Any CPU.ActiveCfg = Debug|Any CPU
		{C5E88F39-E984-458C-A570-515403B00ADF}.Debug|Any CPU.Build.0 = Debug|Any CPU
		{C5E88F39-E984-458C-A570-515403B00ADF}.Release|Any CPU.ActiveCfg = Release|Any CPU
		{C5E88F39-E984-458C-A570-515403B00ADF}.Release|Any CPU.Build.0 = Release|Any CPU
		{870C903F-92F3-466B-B6FB-B333CA68F5A6}.Debug|Any CPU.ActiveCfg = Debug|Any CPU
		{870C903F-92F3-466B-B6FB-B333CA68F5A6}.Debug|Any CPU.Build.0 = Debug|Any CPU
		{870C903F-92F3-466B-B6FB-B333CA68F5A6}.Release|Any CPU.ActiveCfg = Release|Any CPU
		{870C903F-92F3-466B-B6FB-B333CA68F5A6}.Release|Any CPU.Build.0 = Release|Any CPU
		{B553BB44-78C6-408F-A374-0C86E9AC0B9A}.Debug|Any CPU.ActiveCfg = Debug|Any CPU
		{B553BB44-78C6-408F-A374-0C86E9AC0B9A}.Debug|Any CPU.Build.0 = Debug|Any CPU
		{B553BB44-78C6-408F-A374-0C86E9AC0B9A}.Release|Any CPU.ActiveCfg = Release|Any CPU
		{B553BB44-78C6-408F-A374-0C86E9AC0B9A}.Release|Any CPU.Build.0 = Release|Any CPU
		{81AC2528-572A-45E9-9F44-132D5D6EB77D}.Debug|Any CPU.ActiveCfg = Debug|Any CPU
		{81AC2528-572A-45E9-9F44-132D5D6EB77D}.Debug|Any CPU.Build.0 = Debug|Any CPU
		{81AC2528-572A-45E9-9F44-132D5D6EB77D}.Release|Any CPU.ActiveCfg = Release|Any CPU
		{81AC2528-572A-45E9-9F44-132D5D6EB77D}.Release|Any CPU.Build.0 = Release|Any CPU
		{925C73A5-21F1-4E97-BBD4-C4381C4FA1E5}.Debug|Any CPU.ActiveCfg = Debug|Any CPU
		{925C73A5-21F1-4E97-BBD4-C4381C4FA1E5}.Debug|Any CPU.Build.0 = Debug|Any CPU
		{925C73A5-21F1-4E97-BBD4-C4381C4FA1E5}.Release|Any CPU.ActiveCfg = Release|Any CPU
		{925C73A5-21F1-4E97-BBD4-C4381C4FA1E5}.Release|Any CPU.Build.0 = Release|Any CPU
		{120CEFF9-11FE-4245-AF81-728524D825EC}.Debug|Any CPU.ActiveCfg = Debug|Any CPU
		{120CEFF9-11FE-4245-AF81-728524D825EC}.Debug|Any CPU.Build.0 = Debug|Any CPU
		{120CEFF9-11FE-4245-AF81-728524D825EC}.Release|Any CPU.ActiveCfg = Release|Any CPU
		{120CEFF9-11FE-4245-AF81-728524D825EC}.Release|Any CPU.Build.0 = Release|Any CPU
		{A51D6219-F726-48A7-BC3A-EC5BD2B401B4}.Debug|Any CPU.ActiveCfg = Debug|Any CPU
		{A51D6219-F726-48A7-BC3A-EC5BD2B401B4}.Debug|Any CPU.Build.0 = Debug|Any CPU
		{A51D6219-F726-48A7-BC3A-EC5BD2B401B4}.Debug|x64.ActiveCfg = Debug|Any CPU
		{A51D6219-F726-48A7-BC3A-EC5BD2B401B4}.Debug|x64.Build.0 = Debug|Any CPU
		{A51D6219-F726-48A7-BC3A-EC5BD2B401B4}.Debug|x86.ActiveCfg = Debug|Any CPU
		{A51D6219-F726-48A7-BC3A-EC5BD2B401B4}.Debug|x86.Build.0 = Debug|Any CPU
		{A51D6219-F726-48A7-BC3A-EC5BD2B401B4}.Release|Any CPU.ActiveCfg = Release|Any CPU
		{A51D6219-F726-48A7-BC3A-EC5BD2B401B4}.Release|Any CPU.Build.0 = Release|Any CPU
		{A51D6219-F726-48A7-BC3A-EC5BD2B401B4}.Release|x64.ActiveCfg = Release|Any CPU
		{A51D6219-F726-48A7-BC3A-EC5BD2B401B4}.Release|x64.Build.0 = Release|Any CPU
		{A51D6219-F726-48A7-BC3A-EC5BD2B401B4}.Release|x86.ActiveCfg = Release|Any CPU
		{A51D6219-F726-48A7-BC3A-EC5BD2B401B4}.Release|x86.Build.0 = Release|Any CPU
		{7C869E00-C6EC-4B7E-913A-BE1FE29A225F}.Debug|Any CPU.ActiveCfg = Debug|Any CPU
		{7C869E00-C6EC-4B7E-913A-BE1FE29A225F}.Debug|Any CPU.Build.0 = Debug|Any CPU
		{7C869E00-C6EC-4B7E-913A-BE1FE29A225F}.Debug|x64.ActiveCfg = Debug|Any CPU
		{7C869E00-C6EC-4B7E-913A-BE1FE29A225F}.Debug|x64.Build.0 = Debug|Any CPU
		{7C869E00-C6EC-4B7E-913A-BE1FE29A225F}.Debug|x86.ActiveCfg = Debug|Any CPU
		{7C869E00-C6EC-4B7E-913A-BE1FE29A225F}.Debug|x86.Build.0 = Debug|Any CPU
		{7C869E00-C6EC-4B7E-913A-BE1FE29A225F}.Release|Any CPU.ActiveCfg = Release|Any CPU
		{7C869E00-C6EC-4B7E-913A-BE1FE29A225F}.Release|Any CPU.Build.0 = Release|Any CPU
		{7C869E00-C6EC-4B7E-913A-BE1FE29A225F}.Release|x64.ActiveCfg = Release|Any CPU
		{7C869E00-C6EC-4B7E-913A-BE1FE29A225F}.Release|x64.Build.0 = Release|Any CPU
		{7C869E00-C6EC-4B7E-913A-BE1FE29A225F}.Release|x86.ActiveCfg = Release|Any CPU
		{7C869E00-C6EC-4B7E-913A-BE1FE29A225F}.Release|x86.Build.0 = Release|Any CPU
		{D2D4E909-E605-4ECA-B1B8-5C49C4BF14AD}.Debug|Any CPU.ActiveCfg = Debug|Any CPU
		{D2D4E909-E605-4ECA-B1B8-5C49C4BF14AD}.Debug|Any CPU.Build.0 = Debug|Any CPU
		{D2D4E909-E605-4ECA-B1B8-5C49C4BF14AD}.Debug|x64.ActiveCfg = Debug|Any CPU
		{D2D4E909-E605-4ECA-B1B8-5C49C4BF14AD}.Debug|x64.Build.0 = Debug|Any CPU
		{D2D4E909-E605-4ECA-B1B8-5C49C4BF14AD}.Debug|x86.ActiveCfg = Debug|Any CPU
		{D2D4E909-E605-4ECA-B1B8-5C49C4BF14AD}.Debug|x86.Build.0 = Debug|Any CPU
		{D2D4E909-E605-4ECA-B1B8-5C49C4BF14AD}.Release|Any CPU.ActiveCfg = Release|Any CPU
		{D2D4E909-E605-4ECA-B1B8-5C49C4BF14AD}.Release|Any CPU.Build.0 = Release|Any CPU
		{D2D4E909-E605-4ECA-B1B8-5C49C4BF14AD}.Release|x64.ActiveCfg = Release|Any CPU
		{D2D4E909-E605-4ECA-B1B8-5C49C4BF14AD}.Release|x64.Build.0 = Release|Any CPU
		{D2D4E909-E605-4ECA-B1B8-5C49C4BF14AD}.Release|x86.ActiveCfg = Release|Any CPU
		{D2D4E909-E605-4ECA-B1B8-5C49C4BF14AD}.Release|x86.Build.0 = Release|Any CPU
		{F0B347D7-188E-4D02-A3D3-78109D4FA584}.Debug|Any CPU.ActiveCfg = Debug|Any CPU
		{F0B347D7-188E-4D02-A3D3-78109D4FA584}.Debug|Any CPU.Build.0 = Debug|Any CPU
		{F0B347D7-188E-4D02-A3D3-78109D4FA584}.Debug|x64.ActiveCfg = Debug|Any CPU
		{F0B347D7-188E-4D02-A3D3-78109D4FA584}.Debug|x64.Build.0 = Debug|Any CPU
		{F0B347D7-188E-4D02-A3D3-78109D4FA584}.Debug|x86.ActiveCfg = Debug|Any CPU
		{F0B347D7-188E-4D02-A3D3-78109D4FA584}.Debug|x86.Build.0 = Debug|Any CPU
		{F0B347D7-188E-4D02-A3D3-78109D4FA584}.Release|Any CPU.ActiveCfg = Release|Any CPU
		{F0B347D7-188E-4D02-A3D3-78109D4FA584}.Release|Any CPU.Build.0 = Release|Any CPU
		{F0B347D7-188E-4D02-A3D3-78109D4FA584}.Release|x64.ActiveCfg = Release|Any CPU
		{F0B347D7-188E-4D02-A3D3-78109D4FA584}.Release|x64.Build.0 = Release|Any CPU
		{F0B347D7-188E-4D02-A3D3-78109D4FA584}.Release|x86.ActiveCfg = Release|Any CPU
		{F0B347D7-188E-4D02-A3D3-78109D4FA584}.Release|x86.Build.0 = Release|Any CPU
		{634793EB-8DE5-4C7C-9BB0-06CA7C901F6B}.Debug|Any CPU.ActiveCfg = Debug|Any CPU
		{634793EB-8DE5-4C7C-9BB0-06CA7C901F6B}.Debug|Any CPU.Build.0 = Debug|Any CPU
		{634793EB-8DE5-4C7C-9BB0-06CA7C901F6B}.Debug|x64.ActiveCfg = Debug|Any CPU
		{634793EB-8DE5-4C7C-9BB0-06CA7C901F6B}.Debug|x64.Build.0 = Debug|Any CPU
		{634793EB-8DE5-4C7C-9BB0-06CA7C901F6B}.Debug|x86.ActiveCfg = Debug|Any CPU
		{634793EB-8DE5-4C7C-9BB0-06CA7C901F6B}.Debug|x86.Build.0 = Debug|Any CPU
		{634793EB-8DE5-4C7C-9BB0-06CA7C901F6B}.Release|Any CPU.ActiveCfg = Release|Any CPU
		{634793EB-8DE5-4C7C-9BB0-06CA7C901F6B}.Release|Any CPU.Build.0 = Release|Any CPU
		{634793EB-8DE5-4C7C-9BB0-06CA7C901F6B}.Release|x64.ActiveCfg = Release|Any CPU
		{634793EB-8DE5-4C7C-9BB0-06CA7C901F6B}.Release|x64.Build.0 = Release|Any CPU
		{634793EB-8DE5-4C7C-9BB0-06CA7C901F6B}.Release|x86.ActiveCfg = Release|Any CPU
		{634793EB-8DE5-4C7C-9BB0-06CA7C901F6B}.Release|x86.Build.0 = Release|Any CPU
		{1E3DCB03-551F-451C-8FBD-C8E9BD2B12C3}.Debug|Any CPU.ActiveCfg = Debug|Any CPU
		{1E3DCB03-551F-451C-8FBD-C8E9BD2B12C3}.Debug|Any CPU.Build.0 = Debug|Any CPU
		{1E3DCB03-551F-451C-8FBD-C8E9BD2B12C3}.Debug|x64.ActiveCfg = Debug|Any CPU
		{1E3DCB03-551F-451C-8FBD-C8E9BD2B12C3}.Debug|x64.Build.0 = Debug|Any CPU
		{1E3DCB03-551F-451C-8FBD-C8E9BD2B12C3}.Debug|x86.ActiveCfg = Debug|Any CPU
		{1E3DCB03-551F-451C-8FBD-C8E9BD2B12C3}.Debug|x86.Build.0 = Debug|Any CPU
		{1E3DCB03-551F-451C-8FBD-C8E9BD2B12C3}.Release|Any CPU.ActiveCfg = Release|Any CPU
		{1E3DCB03-551F-451C-8FBD-C8E9BD2B12C3}.Release|Any CPU.Build.0 = Release|Any CPU
		{1E3DCB03-551F-451C-8FBD-C8E9BD2B12C3}.Release|x64.ActiveCfg = Release|Any CPU
		{1E3DCB03-551F-451C-8FBD-C8E9BD2B12C3}.Release|x64.Build.0 = Release|Any CPU
		{1E3DCB03-551F-451C-8FBD-C8E9BD2B12C3}.Release|x86.ActiveCfg = Release|Any CPU
		{1E3DCB03-551F-451C-8FBD-C8E9BD2B12C3}.Release|x86.Build.0 = Release|Any CPU
		{EE47A693-5DE1-4015-9A31-EB5050E8F447}.Debug|Any CPU.ActiveCfg = Debug|Any CPU
		{EE47A693-5DE1-4015-9A31-EB5050E8F447}.Debug|Any CPU.Build.0 = Debug|Any CPU
		{EE47A693-5DE1-4015-9A31-EB5050E8F447}.Debug|x64.ActiveCfg = Debug|Any CPU
		{EE47A693-5DE1-4015-9A31-EB5050E8F447}.Debug|x64.Build.0 = Debug|Any CPU
		{EE47A693-5DE1-4015-9A31-EB5050E8F447}.Debug|x86.ActiveCfg = Debug|Any CPU
		{EE47A693-5DE1-4015-9A31-EB5050E8F447}.Debug|x86.Build.0 = Debug|Any CPU
		{EE47A693-5DE1-4015-9A31-EB5050E8F447}.Release|Any CPU.ActiveCfg = Release|Any CPU
		{EE47A693-5DE1-4015-9A31-EB5050E8F447}.Release|Any CPU.Build.0 = Release|Any CPU
		{EE47A693-5DE1-4015-9A31-EB5050E8F447}.Release|x64.ActiveCfg = Release|Any CPU
		{EE47A693-5DE1-4015-9A31-EB5050E8F447}.Release|x64.Build.0 = Release|Any CPU
		{EE47A693-5DE1-4015-9A31-EB5050E8F447}.Release|x86.ActiveCfg = Release|Any CPU
		{EE47A693-5DE1-4015-9A31-EB5050E8F447}.Release|x86.Build.0 = Release|Any CPU
		{57652B46-9604-4243-A184-6F1A4C92C035}.Debug|Any CPU.ActiveCfg = Debug|Any CPU
		{57652B46-9604-4243-A184-6F1A4C92C035}.Debug|Any CPU.Build.0 = Debug|Any CPU
		{57652B46-9604-4243-A184-6F1A4C92C035}.Debug|x64.ActiveCfg = Debug|Any CPU
		{57652B46-9604-4243-A184-6F1A4C92C035}.Debug|x64.Build.0 = Debug|Any CPU
		{57652B46-9604-4243-A184-6F1A4C92C035}.Debug|x86.ActiveCfg = Debug|Any CPU
		{57652B46-9604-4243-A184-6F1A4C92C035}.Debug|x86.Build.0 = Debug|Any CPU
		{57652B46-9604-4243-A184-6F1A4C92C035}.Release|Any CPU.ActiveCfg = Release|Any CPU
		{57652B46-9604-4243-A184-6F1A4C92C035}.Release|Any CPU.Build.0 = Release|Any CPU
		{57652B46-9604-4243-A184-6F1A4C92C035}.Release|x64.ActiveCfg = Release|Any CPU
		{57652B46-9604-4243-A184-6F1A4C92C035}.Release|x64.Build.0 = Release|Any CPU
		{57652B46-9604-4243-A184-6F1A4C92C035}.Release|x86.ActiveCfg = Release|Any CPU
		{57652B46-9604-4243-A184-6F1A4C92C035}.Release|x86.Build.0 = Release|Any CPU
		{1E1474BA-0A45-47AA-8D78-85B97CCD01A4}.Debug|Any CPU.ActiveCfg = Debug|Any CPU
		{1E1474BA-0A45-47AA-8D78-85B97CCD01A4}.Debug|Any CPU.Build.0 = Debug|Any CPU
		{1E1474BA-0A45-47AA-8D78-85B97CCD01A4}.Debug|x64.ActiveCfg = Debug|Any CPU
		{1E1474BA-0A45-47AA-8D78-85B97CCD01A4}.Debug|x64.Build.0 = Debug|Any CPU
		{1E1474BA-0A45-47AA-8D78-85B97CCD01A4}.Debug|x86.ActiveCfg = Debug|Any CPU
		{1E1474BA-0A45-47AA-8D78-85B97CCD01A4}.Debug|x86.Build.0 = Debug|Any CPU
		{1E1474BA-0A45-47AA-8D78-85B97CCD01A4}.Release|Any CPU.ActiveCfg = Release|Any CPU
		{1E1474BA-0A45-47AA-8D78-85B97CCD01A4}.Release|Any CPU.Build.0 = Release|Any CPU
		{1E1474BA-0A45-47AA-8D78-85B97CCD01A4}.Release|x64.ActiveCfg = Release|Any CPU
		{1E1474BA-0A45-47AA-8D78-85B97CCD01A4}.Release|x64.Build.0 = Release|Any CPU
		{1E1474BA-0A45-47AA-8D78-85B97CCD01A4}.Release|x86.ActiveCfg = Release|Any CPU
		{1E1474BA-0A45-47AA-8D78-85B97CCD01A4}.Release|x86.Build.0 = Release|Any CPU
		{0173984D-AA05-4BA3-8216-B5022E13BC32}.Debug|Any CPU.ActiveCfg = Debug|Any CPU
		{0173984D-AA05-4BA3-8216-B5022E13BC32}.Debug|Any CPU.Build.0 = Debug|Any CPU
		{0173984D-AA05-4BA3-8216-B5022E13BC32}.Debug|x64.ActiveCfg = Debug|Any CPU
		{0173984D-AA05-4BA3-8216-B5022E13BC32}.Debug|x64.Build.0 = Debug|Any CPU
		{0173984D-AA05-4BA3-8216-B5022E13BC32}.Debug|x86.ActiveCfg = Debug|Any CPU
		{0173984D-AA05-4BA3-8216-B5022E13BC32}.Debug|x86.Build.0 = Debug|Any CPU
		{0173984D-AA05-4BA3-8216-B5022E13BC32}.Release|Any CPU.ActiveCfg = Release|Any CPU
		{0173984D-AA05-4BA3-8216-B5022E13BC32}.Release|Any CPU.Build.0 = Release|Any CPU
		{0173984D-AA05-4BA3-8216-B5022E13BC32}.Release|x64.ActiveCfg = Release|Any CPU
		{0173984D-AA05-4BA3-8216-B5022E13BC32}.Release|x64.Build.0 = Release|Any CPU
		{0173984D-AA05-4BA3-8216-B5022E13BC32}.Release|x86.ActiveCfg = Release|Any CPU
		{0173984D-AA05-4BA3-8216-B5022E13BC32}.Release|x86.Build.0 = Release|Any CPU
		{085CACFD-F719-40F5-84DF-4DE4A45B5A5B}.Debug|Any CPU.ActiveCfg = Debug|Any CPU
		{085CACFD-F719-40F5-84DF-4DE4A45B5A5B}.Debug|Any CPU.Build.0 = Debug|Any CPU
		{085CACFD-F719-40F5-84DF-4DE4A45B5A5B}.Debug|x64.ActiveCfg = Debug|Any CPU
		{085CACFD-F719-40F5-84DF-4DE4A45B5A5B}.Debug|x64.Build.0 = Debug|Any CPU
		{085CACFD-F719-40F5-84DF-4DE4A45B5A5B}.Debug|x86.ActiveCfg = Debug|Any CPU
		{085CACFD-F719-40F5-84DF-4DE4A45B5A5B}.Debug|x86.Build.0 = Debug|Any CPU
		{085CACFD-F719-40F5-84DF-4DE4A45B5A5B}.Release|Any CPU.ActiveCfg = Release|Any CPU
		{085CACFD-F719-40F5-84DF-4DE4A45B5A5B}.Release|Any CPU.Build.0 = Release|Any CPU
		{085CACFD-F719-40F5-84DF-4DE4A45B5A5B}.Release|x64.ActiveCfg = Release|Any CPU
		{085CACFD-F719-40F5-84DF-4DE4A45B5A5B}.Release|x64.Build.0 = Release|Any CPU
		{085CACFD-F719-40F5-84DF-4DE4A45B5A5B}.Release|x86.ActiveCfg = Release|Any CPU
		{085CACFD-F719-40F5-84DF-4DE4A45B5A5B}.Release|x86.Build.0 = Release|Any CPU
		{A1B9AD7A-E688-477D-AB44-7682F61A8F86}.Debug|Any CPU.ActiveCfg = Debug|Any CPU
		{A1B9AD7A-E688-477D-AB44-7682F61A8F86}.Debug|Any CPU.Build.0 = Debug|Any CPU
		{A1B9AD7A-E688-477D-AB44-7682F61A8F86}.Debug|x64.ActiveCfg = Debug|Any CPU
		{A1B9AD7A-E688-477D-AB44-7682F61A8F86}.Debug|x64.Build.0 = Debug|Any CPU
		{A1B9AD7A-E688-477D-AB44-7682F61A8F86}.Debug|x86.ActiveCfg = Debug|Any CPU
		{A1B9AD7A-E688-477D-AB44-7682F61A8F86}.Debug|x86.Build.0 = Debug|Any CPU
		{A1B9AD7A-E688-477D-AB44-7682F61A8F86}.Release|Any CPU.ActiveCfg = Release|Any CPU
		{A1B9AD7A-E688-477D-AB44-7682F61A8F86}.Release|Any CPU.Build.0 = Release|Any CPU
		{A1B9AD7A-E688-477D-AB44-7682F61A8F86}.Release|x64.ActiveCfg = Release|Any CPU
		{A1B9AD7A-E688-477D-AB44-7682F61A8F86}.Release|x64.Build.0 = Release|Any CPU
		{A1B9AD7A-E688-477D-AB44-7682F61A8F86}.Release|x86.ActiveCfg = Release|Any CPU
		{A1B9AD7A-E688-477D-AB44-7682F61A8F86}.Release|x86.Build.0 = Release|Any CPU
		{5D9A7513-A9E7-412B-AC82-7965FC5B83CE}.Debug|Any CPU.ActiveCfg = Debug|Any CPU
		{5D9A7513-A9E7-412B-AC82-7965FC5B83CE}.Debug|Any CPU.Build.0 = Debug|Any CPU
		{5D9A7513-A9E7-412B-AC82-7965FC5B83CE}.Debug|x64.ActiveCfg = Debug|Any CPU
		{5D9A7513-A9E7-412B-AC82-7965FC5B83CE}.Debug|x64.Build.0 = Debug|Any CPU
		{5D9A7513-A9E7-412B-AC82-7965FC5B83CE}.Debug|x86.ActiveCfg = Debug|Any CPU
		{5D9A7513-A9E7-412B-AC82-7965FC5B83CE}.Debug|x86.Build.0 = Debug|Any CPU
		{5D9A7513-A9E7-412B-AC82-7965FC5B83CE}.Release|Any CPU.ActiveCfg = Release|Any CPU
		{5D9A7513-A9E7-412B-AC82-7965FC5B83CE}.Release|Any CPU.Build.0 = Release|Any CPU
		{5D9A7513-A9E7-412B-AC82-7965FC5B83CE}.Release|x64.ActiveCfg = Release|Any CPU
		{5D9A7513-A9E7-412B-AC82-7965FC5B83CE}.Release|x64.Build.0 = Release|Any CPU
		{5D9A7513-A9E7-412B-AC82-7965FC5B83CE}.Release|x86.ActiveCfg = Release|Any CPU
		{5D9A7513-A9E7-412B-AC82-7965FC5B83CE}.Release|x86.Build.0 = Release|Any CPU
	EndGlobalSection
	GlobalSection(SolutionProperties) = preSolution
		HideSolutionNode = FALSE
	EndGlobalSection
	GlobalSection(NestedProjects) = preSolution
		{981C2CF6-E5BB-602A-511C-234B538302B0} = {827E0CD3-B72D-47B6-A68D-7590B98EB39B}
		{E3DB7B92-A52B-47E0-B8E7-160497206F96} = {981C2CF6-E5BB-602A-511C-234B538302B0}
		{EC447DCF-ABFA-6E24-52A5-D7FD48A5C558} = {827E0CD3-B72D-47B6-A68D-7590B98EB39B}
		{0EC62A1A-9858-3A60-8A0C-FC9AACFA2EC7} = {EC447DCF-ABFA-6E24-52A5-D7FD48A5C558}
		{24CB13D0-46E3-4F47-BA48-F8CEAFCE62FF} = {0EC62A1A-9858-3A60-8A0C-FC9AACFA2EC7}
		{952500A9-6392-498E-BDD8-B6B1DA21FF73} = {0EC62A1A-9858-3A60-8A0C-FC9AACFA2EC7}
		{9A306B4E-FC6B-4B5C-A418-D9D0D656B48D} = {0EC62A1A-9858-3A60-8A0C-FC9AACFA2EC7}
		{4B69DC1D-CBF7-4F95-91A3-904E1E1D65E1} = {0EC62A1A-9858-3A60-8A0C-FC9AACFA2EC7}
		{4916611A-F746-2FDD-0D37-783F1C8BAF79} = {EC447DCF-ABFA-6E24-52A5-D7FD48A5C558}
		{3634E060-218D-4D26-B9B8-D3A80F4961BC} = {4916611A-F746-2FDD-0D37-783F1C8BAF79}
		{86AF32BD-7E91-44C8-A81D-8847B70D3FC8} = {4916611A-F746-2FDD-0D37-783F1C8BAF79}
		{B2EF9E67-8575-49C9-A530-2FA86242E9FA} = {4916611A-F746-2FDD-0D37-783F1C8BAF79}
		{3435B553-7CD1-476D-8D8D-BF40777AB38B} = {4916611A-F746-2FDD-0D37-783F1C8BAF79}
		{8B6EAC12-6192-4C11-A8CF-71A1259FEE58} = {EC447DCF-ABFA-6E24-52A5-D7FD48A5C558}
		{F93E0C4C-29CC-484E-9034-2516E845E43A} = {8B6EAC12-6192-4C11-A8CF-71A1259FEE58}
		{2D0289EB-79A3-4988-8250-D71E89699EE6} = {8B6EAC12-6192-4C11-A8CF-71A1259FEE58}
		{97408934-F612-4D50-A291-E7DCB4206EA3} = {8B6EAC12-6192-4C11-A8CF-71A1259FEE58}
		{09F28FAF-37E0-47A4-B551-B27CB637E0D0} = {8B6EAC12-6192-4C11-A8CF-71A1259FEE58}
		{6DF95B18-CDB6-4E41-B563-35CA8688A7D1} = {EC447DCF-ABFA-6E24-52A5-D7FD48A5C558}
		{B9BDFC2F-5D61-49F3-BD5F-6A47314AECB6} = {6DF95B18-CDB6-4E41-B563-35CA8688A7D1}
		{620CE607-C2DA-44DF-AB02-A0AD48458239} = {6DF95B18-CDB6-4E41-B563-35CA8688A7D1}
		{A601B4F3-096F-DAB1-AE17-42195C47F3CF} = {6DF95B18-CDB6-4E41-B563-35CA8688A7D1}
		{384C4D1F-BF25-5A1E-3DC8-36783E568ACF} = {6DF95B18-CDB6-4E41-B563-35CA8688A7D1}
		{9A5ED899-07C3-42B3-AA49-BE506BE56EA9} = {EC447DCF-ABFA-6E24-52A5-D7FD48A5C558}
		{4B2ACBA0-5BBF-4FA4-8D14-9B8DFE16A048} = {9A5ED899-07C3-42B3-AA49-BE506BE56EA9}
		{1D865063-D930-4BDF-B728-759B70587D04} = {9A5ED899-07C3-42B3-AA49-BE506BE56EA9}
		{777BFFBB-B59F-4B46-9834-94ECE326378E} = {9A5ED899-07C3-42B3-AA49-BE506BE56EA9}
		{FD16CEE8-F945-4A77-A60B-D3A64FFA50F4} = {9A5ED899-07C3-42B3-AA49-BE506BE56EA9}
		{0F84562F-74D3-4992-AC1D-0A8BEC709A9F} = {EC447DCF-ABFA-6E24-52A5-D7FD48A5C558}
		{33AF3C7C-2181-4F91-A81B-B1B7E0179FFB} = {0F84562F-74D3-4992-AC1D-0A8BEC709A9F}
		{0EA2911C-B513-4458-85AD-17530A0F3A65} = {0F84562F-74D3-4992-AC1D-0A8BEC709A9F}
		{C5E88F39-E984-458C-A570-515403B00ADF} = {0F84562F-74D3-4992-AC1D-0A8BEC709A9F}
		{870C903F-92F3-466B-B6FB-B333CA68F5A6} = {0F84562F-74D3-4992-AC1D-0A8BEC709A9F}
		{87E15B9C-038A-494B-8C18-D4B8833FB20B} = {EC447DCF-ABFA-6E24-52A5-D7FD48A5C558}
		{B553BB44-78C6-408F-A374-0C86E9AC0B9A} = {87E15B9C-038A-494B-8C18-D4B8833FB20B}
		{81AC2528-572A-45E9-9F44-132D5D6EB77D} = {87E15B9C-038A-494B-8C18-D4B8833FB20B}
		{925C73A5-21F1-4E97-BBD4-C4381C4FA1E5} = {87E15B9C-038A-494B-8C18-D4B8833FB20B}
		{120CEFF9-11FE-4245-AF81-728524D825EC} = {87E15B9C-038A-494B-8C18-D4B8833FB20B}
		{123030FC-31FE-1CF9-8B12-8947E813559B} = {EC447DCF-ABFA-6E24-52A5-D7FD48A5C558}
		{A51D6219-F726-48A7-BC3A-EC5BD2B401B4} = {123030FC-31FE-1CF9-8B12-8947E813559B}
		{7C869E00-C6EC-4B7E-913A-BE1FE29A225F} = {123030FC-31FE-1CF9-8B12-8947E813559B}
		{D2D4E909-E605-4ECA-B1B8-5C49C4BF14AD} = {0AB3BF05-4346-4AA6-1389-037BE0695223}
		{F0B347D7-188E-4D02-A3D3-78109D4FA584} = {0AB3BF05-4346-4AA6-1389-037BE0695223}
		{634793EB-8DE5-4C7C-9BB0-06CA7C901F6B} = {0AB3BF05-4346-4AA6-1389-037BE0695223}
		{87F5C68F-08A3-C22F-17F8-7CA1EF55A215} = {EC447DCF-ABFA-6E24-52A5-D7FD48A5C558}
		{1E3DCB03-551F-451C-8FBD-C8E9BD2B12C3} = {87F5C68F-08A3-C22F-17F8-7CA1EF55A215}
		{EE47A693-5DE1-4015-9A31-EB5050E8F447} = {87F5C68F-08A3-C22F-17F8-7CA1EF55A215}
		{57652B46-9604-4243-A184-6F1A4C92C035} = {87F5C68F-08A3-C22F-17F8-7CA1EF55A215}
		{1E1474BA-0A45-47AA-8D78-85B97CCD01A4} = {87F5C68F-08A3-C22F-17F8-7CA1EF55A215}
		{7410A65A-4010-4978-B2CA-317F72FBA357} = {EC447DCF-ABFA-6E24-52A5-D7FD48A5C558}
		{0173984D-AA05-4BA3-8216-B5022E13BC32} = {7410A65A-4010-4978-B2CA-317F72FBA357}
		{085CACFD-F719-40F5-84DF-4DE4A45B5A5B} = {7410A65A-4010-4978-B2CA-317F72FBA357}
		{A1B9AD7A-E688-477D-AB44-7682F61A8F86} = {7410A65A-4010-4978-B2CA-317F72FBA357}
		{5D9A7513-A9E7-412B-AC82-7965FC5B83CE} = {7410A65A-4010-4978-B2CA-317F72FBA357}
	EndGlobalSection
EndGlobal
